// !$*UTF8*$!
{
	archiveVersion = 1;
	classes = {
	};
	objectVersion = 55;
	objects = {

/* Begin PBXBuildFile section */
		217A2403164EC0396CC256FB /* Pods_ionicFusion.framework in Frameworks */ = {isa = PBXBuildFile; fileRef = E80590F914965A253665F93F /* Pods_ionicFusion.framework */; };
		F70636302A1D5742007A9FEF /* ShuffleMatchesView.swift in Sources */ = {isa = PBXBuildFile; fileRef = F706362F2A1D5742007A9FEF /* ShuffleMatchesView.swift */; };
		F70636322A1D6398007A9FEF /* MatchCard.swift in Sources */ = {isa = PBXBuildFile; fileRef = F70636312A1D6398007A9FEF /* MatchCard.swift */; };
		F70636342A1D6A92007A9FEF /* SmallMatchActive.swift in Sources */ = {isa = PBXBuildFile; fileRef = F70636332A1D6A92007A9FEF /* SmallMatchActive.swift */; };
		F70636362A1D8960007A9FEF /* GetImage.swift in Sources */ = {isa = PBXBuildFile; fileRef = F70636352A1D8960007A9FEF /* GetImage.swift */; };
		F706363B2A1E6F6E007A9FEF /* DistanceView.swift in Sources */ = {isa = PBXBuildFile; fileRef = F706363A2A1E6F6E007A9FEF /* DistanceView.swift */; };
		F706363D2A1E76AF007A9FEF /* LikesPill.swift in Sources */ = {isa = PBXBuildFile; fileRef = F706363C2A1E76AF007A9FEF /* LikesPill.swift */; };
		F71652EC2A8FF8B20063E029 /* heartbroken.json in Resources */ = {isa = PBXBuildFile; fileRef = F71652EB2A8FF8B20063E029 /* heartbroken.json */; };
		F71652EE2A8FFD730063E029 /* heartbeat.json in Resources */ = {isa = PBXBuildFile; fileRef = F71652ED2A8FFD730063E029 /* heartbeat.json */; };
		F71652F02A918D3E0063E029 /* MessageCard.swift in Sources */ = {isa = PBXBuildFile; fileRef = F71652EF2A918D3E0063E029 /* MessageCard.swift */; };
		F71652F22A918E040063E029 /* MessageDetailView.swift in Sources */ = {isa = PBXBuildFile; fileRef = F71652F12A918E040063E029 /* MessageDetailView.swift */; };
		F71652F62A919BA50063E029 /* MessageBubblesView.swift in Sources */ = {isa = PBXBuildFile; fileRef = F71652F52A919BA50063E029 /* MessageBubblesView.swift */; };
		F71652FA2A92988B0063E029 /* Chats.swift in Sources */ = {isa = PBXBuildFile; fileRef = F71652F92A92988B0063E029 /* Chats.swift */; };
		F71652FC2A92DC320063E029 /* ChatTester.swift in Sources */ = {isa = PBXBuildFile; fileRef = F71652FB2A92DC320063E029 /* ChatTester.swift */; };
		F73F32342A138C800038A6D3 /* DragsCard.swift in Sources */ = {isa = PBXBuildFile; fileRef = F73F32332A138C800038A6D3 /* DragsCard.swift */; };
		F73F32362A1522880038A6D3 /* nomorecards.json in Resources */ = {isa = PBXBuildFile; fileRef = F73F32352A1522880038A6D3 /* nomorecards.json */; };
		F73F32382A156D340038A6D3 /* redpoof.json in Resources */ = {isa = PBXBuildFile; fileRef = F73F32372A156D340038A6D3 /* redpoof.json */; };
		F755D7C52A2D378800319D57 /* workbuildings.json in Resources */ = {isa = PBXBuildFile; fileRef = F755D7C42A2D378800319D57 /* workbuildings.json */; };
		F755D7C72A2DAB1100319D57 /* SignUpMessageView.swift in Sources */ = {isa = PBXBuildFile; fileRef = F755D7C62A2DAB1100319D57 /* SignUpMessageView.swift */; };
		F755D7C92A2DACBC00319D57 /* Email&PasswordView.swift in Sources */ = {isa = PBXBuildFile; fileRef = F755D7C82A2DACBC00319D57 /* Email&PasswordView.swift */; };
		F755D7CB2A2DD54900319D57 /* EnterNameView.swift in Sources */ = {isa = PBXBuildFile; fileRef = F755D7CA2A2DD54900319D57 /* EnterNameView.swift */; };
		F755D7CD2A2DD59400319D57 /* EnterAgeView.swift in Sources */ = {isa = PBXBuildFile; fileRef = F755D7CC2A2DD59400319D57 /* EnterAgeView.swift */; };
		F7569D532A104A8D00FE3E84 /* ProfileCard.swift in Sources */ = {isa = PBXBuildFile; fileRef = F7569D522A104A8D00FE3E84 /* ProfileCard.swift */; };
		F7569D552A10641A00FE3E84 /* FullProfileView.swift in Sources */ = {isa = PBXBuildFile; fileRef = F7569D542A10641A00FE3E84 /* FullProfileView.swift */; };
		F7569D572A11DE9900FE3E84 /* LikesView.swift in Sources */ = {isa = PBXBuildFile; fileRef = F7569D562A11DE9900FE3E84 /* LikesView.swift */; };
		F7569D5B2A11E66B00FE3E84 /* girllikingstuff.json in Resources */ = {isa = PBXBuildFile; fileRef = F7569D5A2A11E66B00FE3E84 /* girllikingstuff.json */; };
		F7569D5D2A11E6A200FE3E84 /* loveflying.json in Resources */ = {isa = PBXBuildFile; fileRef = F7569D5C2A11E6A100FE3E84 /* loveflying.json */; };
		F7569D5F2A11EAB200FE3E84 /* StandoutsView.swift in Sources */ = {isa = PBXBuildFile; fileRef = F7569D5E2A11EAB200FE3E84 /* StandoutsView.swift */; };
		F7569D612A11F36700FE3E84 /* StandoutCard.swift in Sources */ = {isa = PBXBuildFile; fileRef = F7569D602A11F36700FE3E84 /* StandoutCard.swift */; };
		F7569D652A11FDE600FE3E84 /* MatchData.swift in Sources */ = {isa = PBXBuildFile; fileRef = F7569D642A11FDE600FE3E84 /* MatchData.swift */; };
		F79594592A246B5B00636776 /* sadheart.json in Resources */ = {isa = PBXBuildFile; fileRef = F79594582A246B5B00636776 /* sadheart.json */; };
		F795945B2A24791600636776 /* NeoModifier.swift in Sources */ = {isa = PBXBuildFile; fileRef = F795945A2A24791600636776 /* NeoModifier.swift */; };
		F795945D2A252EF200636776 /* TextWriterAppear.swift in Sources */ = {isa = PBXBuildFile; fileRef = F795945C2A252EF200636776 /* TextWriterAppear.swift */; };
		F79594612A25E91700636776 /* CompatibleCard.swift in Sources */ = {isa = PBXBuildFile; fileRef = F79594602A25E91700636776 /* CompatibleCard.swift */; };
		F79594632A268D8700636776 /* ActiveCard.swift in Sources */ = {isa = PBXBuildFile; fileRef = F79594622A268D8700636776 /* ActiveCard.swift */; };
		F79594652A269E3400636776 /* ViewProfileView.swift in Sources */ = {isa = PBXBuildFile; fileRef = F79594642A269E3400636776 /* ViewProfileView.swift */; };
		F79594672A27907800636776 /* ProfileEditView.swift in Sources */ = {isa = PBXBuildFile; fileRef = F79594662A27907800636776 /* ProfileEditView.swift */; };
		F79594692A27987900636776 /* WallpaperVM.swift in Sources */ = {isa = PBXBuildFile; fileRef = F79594682A27987900636776 /* WallpaperVM.swift */; };
		F795946B2A27CF9800636776 /* TestView.swift in Sources */ = {isa = PBXBuildFile; fileRef = F795946A2A27CF9800636776 /* TestView.swift */; };
		F795946D2A27D95500636776 /* UniversityPicker.swift in Sources */ = {isa = PBXBuildFile; fileRef = F795946C2A27D95500636776 /* UniversityPicker.swift */; };
		F795946F2A27DE9700636776 /* WorkPicker.swift in Sources */ = {isa = PBXBuildFile; fileRef = F795946E2A27DE9700636776 /* WorkPicker.swift */; };
		F79594712A27EE7900636776 /* NameChangePicker.swift in Sources */ = {isa = PBXBuildFile; fileRef = F79594702A27EE7900636776 /* NameChangePicker.swift */; };
		F7A3117E27F4CB0500F9F550 /* GoogleService-Info.plist in Resources */ = {isa = PBXBuildFile; fileRef = F7A3117D27F4CB0500F9F550 /* GoogleService-Info.plist */; };
		F7A3135827F4CDB400F9F550 /* ViewController.swift in Sources */ = {isa = PBXBuildFile; fileRef = F7A3135727F4CDB300F9F550 /* ViewController.swift */; };
		F7A3137527F4CDD100F9F550 /* NavigationBar.swift in Sources */ = {isa = PBXBuildFile; fileRef = F7A3135C27F4CDD100F9F550 /* NavigationBar.swift */; };
		F7A3137627F4CDD100F9F550 /* HomeView.swift in Sources */ = {isa = PBXBuildFile; fileRef = F7A3135D27F4CDD100F9F550 /* HomeView.swift */; };
		F7A3137827F4CDD100F9F550 /* SigninView.swift in Sources */ = {isa = PBXBuildFile; fileRef = F7A3135F27F4CDD100F9F550 /* SigninView.swift */; };
		F7A3137B27F4CDD100F9F550 /* Launch Screen.storyboard in Resources */ = {isa = PBXBuildFile; fileRef = F7A3136227F4CDD100F9F550 /* Launch Screen.storyboard */; };
		F7A3137E27F4CDD100F9F550 /* OnboardingView.swift in Sources */ = {isa = PBXBuildFile; fileRef = F7A3136527F4CDD100F9F550 /* OnboardingView.swift */; };
		F7A3137F27F4CDD100F9F550 /* MainTab.swift in Sources */ = {isa = PBXBuildFile; fileRef = F7A3136627F4CDD100F9F550 /* MainTab.swift */; };
		F7A3138027F4CDD100F9F550 /* ViewModel.swift in Sources */ = {isa = PBXBuildFile; fileRef = F7A3136827F4CDD100F9F550 /* ViewModel.swift */; };
		F7A3138227F4CDD100F9F550 /* SettingsView.swift in Sources */ = {isa = PBXBuildFile; fileRef = F7A3136B27F4CDD100F9F550 /* SettingsView.swift */; };
		F7A3138427F4CDD100F9F550 /* SectionView.swift in Sources */ = {isa = PBXBuildFile; fileRef = F7A3136D27F4CDD100F9F550 /* SectionView.swift */; };
		F7A3139B27F4CDEA00F9F550 /* TopicModel.swift in Sources */ = {isa = PBXBuildFile; fileRef = F7A3138C27F4CDEA00F9F550 /* TopicModel.swift */; };
		F7A3139C27F4CDEA00F9F550 /* Update.swift in Sources */ = {isa = PBXBuildFile; fileRef = F7A3138D27F4CDEA00F9F550 /* Update.swift */; };
		F7A3139D27F4CDEA00F9F550 /* PreferenceKey.swift in Sources */ = {isa = PBXBuildFile; fileRef = F7A3138E27F4CDEA00F9F550 /* PreferenceKey.swift */; };
		F7A3139E27F4CDEA00F9F550 /* CourseSection.swift in Sources */ = {isa = PBXBuildFile; fileRef = F7A3138F27F4CDEA00F9F550 /* CourseSection.swift */; };
		F7A3139F27F4CDEA00F9F550 /* NotificationModel.swift in Sources */ = {isa = PBXBuildFile; fileRef = F7A3139027F4CDEA00F9F550 /* NotificationModel.swift */; };
		F7A313A127F4CDEA00F9F550 /* Handbook.swift in Sources */ = {isa = PBXBuildFile; fileRef = F7A3139227F4CDEA00F9F550 /* Handbook.swift */; };
		F7A313A227F4CDEA00F9F550 /* MessagesModel.swift in Sources */ = {isa = PBXBuildFile; fileRef = F7A3139327F4CDEA00F9F550 /* MessagesModel.swift */; };
		F7A313A527F4CDEA00F9F550 /* UserModel.swift in Sources */ = {isa = PBXBuildFile; fileRef = F7A3139627F4CDEA00F9F550 /* UserModel.swift */; };
		F7A313AD27F4CDF700F9F550 /* UserViewModel.swift in Sources */ = {isa = PBXBuildFile; fileRef = F7A313AB27F4CDF700F9F550 /* UserViewModel.swift */; };
		F7A313AE27F4CDF700F9F550 /* MessagesViewModel.swift in Sources */ = {isa = PBXBuildFile; fileRef = F7A313AC27F4CDF700F9F550 /* MessagesViewModel.swift */; };
		F7A3141F27F4CFE100F9F550 /* SuccessView.swift in Sources */ = {isa = PBXBuildFile; fileRef = F7A313B227F4CFE100F9F550 /* SuccessView.swift */; };
		F7A3142127F4CFE100F9F550 /* Wave.swift in Sources */ = {isa = PBXBuildFile; fileRef = F7A313B427F4CFE100F9F550 /* Wave.swift */; };
		F7A3142227F4CFE100F9F550 /* HexagonView.swift in Sources */ = {isa = PBXBuildFile; fileRef = F7A313B527F4CFE100F9F550 /* HexagonView.swift */; };
		F7A3142427F4CFE100F9F550 /* AnimatedBlobView.swift in Sources */ = {isa = PBXBuildFile; fileRef = F7A313B727F4CFE100F9F550 /* AnimatedBlobView.swift */; };
		F7A3142527F4CFE100F9F550 /* CircularView.swift in Sources */ = {isa = PBXBuildFile; fileRef = F7A313B827F4CFE100F9F550 /* CircularView.swift */; };
		F7A3142627F4CFE100F9F550 /* NeumorphicModifier.swift in Sources */ = {isa = PBXBuildFile; fileRef = F7A313BA27F4CFE100F9F550 /* NeumorphicModifier.swift */; };
		F7A3142727F4CFE100F9F550 /* Modifiers.swift in Sources */ = {isa = PBXBuildFile; fileRef = F7A313BB27F4CFE100F9F550 /* Modifiers.swift */; };
		F7A3142827F4CFE100F9F550 /* OffWhiteButtonModifier.swift in Sources */ = {isa = PBXBuildFile; fileRef = F7A313BC27F4CFE100F9F550 /* OffWhiteButtonModifier.swift */; };
		F7A3142927F4CFE100F9F550 /* TextModifiers.swift in Sources */ = {isa = PBXBuildFile; fileRef = F7A313BD27F4CFE100F9F550 /* TextModifiers.swift */; };
		F7A3142A27F4CFE100F9F550 /* CustomFieldModifier.swift in Sources */ = {isa = PBXBuildFile; fileRef = F7A313BE27F4CFE100F9F550 /* CustomFieldModifier.swift */; };
		F7A3142B27F4CFE100F9F550 /* AnimatableFontModifier.swift in Sources */ = {isa = PBXBuildFile; fileRef = F7A313BF27F4CFE100F9F550 /* AnimatableFontModifier.swift */; };
		F7A3142C27F4CFE100F9F550 /* CloseButton.swift in Sources */ = {isa = PBXBuildFile; fileRef = F7A313C127F4CFE100F9F550 /* CloseButton.swift */; };
		F7A3142D27F4CFE100F9F550 /* PlayButton.swift in Sources */ = {isa = PBXBuildFile; fileRef = F7A313C227F4CFE100F9F550 /* PlayButton.swift */; };
		F7A3142E27F4CFE100F9F550 /* BackButton.swift in Sources */ = {isa = PBXBuildFile; fileRef = F7A313C327F4CFE100F9F550 /* BackButton.swift */; };
		F7A3142F27F4CFE100F9F550 /* AngularButton.swift in Sources */ = {isa = PBXBuildFile; fileRef = F7A313C427F4CFE100F9F550 /* AngularButton.swift */; };
		F7A3143027F4CFE100F9F550 /* Assets.xcassets in Resources */ = {isa = PBXBuildFile; fileRef = F7A313C627F4CFE100F9F550 /* Assets.xcassets */; };
		F7A3143127F4CFE100F9F550 /* ColorExtension.swift in Sources */ = {isa = PBXBuildFile; fileRef = F7A313C827F4CFE100F9F550 /* ColorExtension.swift */; };
		F7A3143227F4CFE100F9F550 /* ExtensionPlaceholder.swift in Sources */ = {isa = PBXBuildFile; fileRef = F7A313C927F4CFE100F9F550 /* ExtensionPlaceholder.swift */; };
		F7A3143327F4CFE100F9F550 /* NavigationExten.swift in Sources */ = {isa = PBXBuildFile; fileRef = F7A313CA27F4CFE100F9F550 /* NavigationExten.swift */; };
		F7A3143427F4CFE100F9F550 /* Animations.swift in Sources */ = {isa = PBXBuildFile; fileRef = F7A313CC27F4CFE100F9F550 /* Animations.swift */; };
		F7A3143527F4CFE100F9F550 /* LottieView.swift in Sources */ = {isa = PBXBuildFile; fileRef = F7A313CD27F4CFE100F9F550 /* LottieView.swift */; };
		F7A3143627F4CFE100F9F550 /* woman3.json in Resources */ = {isa = PBXBuildFile; fileRef = F7A313CF27F4CFE100F9F550 /* woman3.json */; };
		F7A3143727F4CFE100F9F550 /* girlwaving.json in Resources */ = {isa = PBXBuildFile; fileRef = F7A313D027F4CFE100F9F550 /* girlwaving.json */; };
		F7A3143827F4CFE100F9F550 /* girlholdingphoneoninsta.json in Resources */ = {isa = PBXBuildFile; fileRef = F7A313D127F4CFE100F9F550 /* girlholdingphoneoninsta.json */; };
		F7A3143927F4CFE100F9F550 /* birth.json in Resources */ = {isa = PBXBuildFile; fileRef = F7A313D227F4CFE100F9F550 /* birth.json */; };
		F7A3143A27F4CFE100F9F550 /* error.json in Resources */ = {isa = PBXBuildFile; fileRef = F7A313D327F4CFE100F9F550 /* error.json */; };
		F7A3143B27F4CFE100F9F550 /* error1.json in Resources */ = {isa = PBXBuildFile; fileRef = F7A313D427F4CFE100F9F550 /* error1.json */; };
		F7A3143C27F4CFE100F9F550 /* ergirl.json in Resources */ = {isa = PBXBuildFile; fileRef = F7A313D527F4CFE100F9F550 /* ergirl.json */; };
		F7A3143D27F4CFE100F9F550 /* lock.json in Resources */ = {isa = PBXBuildFile; fileRef = F7A313D627F4CFE100F9F550 /* lock.json */; };
		F7A3143E27F4CFE100F9F550 /* confetti.json in Resources */ = {isa = PBXBuildFile; fileRef = F7A313D727F4CFE100F9F550 /* confetti.json */; };
		F7A3143F27F4CFE100F9F550 /* girlpic1dark.json in Resources */ = {isa = PBXBuildFile; fileRef = F7A313D827F4CFE100F9F550 /* girlpic1dark.json */; };
		F7A3144027F4CFE100F9F550 /* loading.json in Resources */ = {isa = PBXBuildFile; fileRef = F7A313D927F4CFE100F9F550 /* loading.json */; };
		F7A3144127F4CFE100F9F550 /* success.json in Resources */ = {isa = PBXBuildFile; fileRef = F7A313DA27F4CFE100F9F550 /* success.json */; };
		F7A3144227F4CFE100F9F550 /* girlpic1.json in Resources */ = {isa = PBXBuildFile; fileRef = F7A313DB27F4CFE100F9F550 /* girlpic1.json */; };
		F7A3144327F4CFE100F9F550 /* woman2.json in Resources */ = {isa = PBXBuildFile; fileRef = F7A313DC27F4CFE100F9F550 /* woman2.json */; };
		F7A3144427F4CFE100F9F550 /* birds.json in Resources */ = {isa = PBXBuildFile; fileRef = F7A313DD27F4CFE100F9F550 /* birds.json */; };
		F7A3144527F4CFE100F9F550 /* logged.json in Resources */ = {isa = PBXBuildFile; fileRef = F7A313DE27F4CFE100F9F550 /* logged.json */; };
		F7A3144627F4CFE100F9F550 /* earth.json in Resources */ = {isa = PBXBuildFile; fileRef = F7A313DF27F4CFE100F9F550 /* earth.json */; };
		F7A3144727F4CFE100F9F550 /* girlcheckinginfo.json in Resources */ = {isa = PBXBuildFile; fileRef = F7A313E027F4CFE100F9F550 /* girlcheckinginfo.json */; };
		F7A3144827F4CFE100F9F550 /* womandepressed.json in Resources */ = {isa = PBXBuildFile; fileRef = F7A313E127F4CFE100F9F550 /* womandepressed.json */; };
		F7A3144927F4CFE100F9F550 /* doctor.json in Resources */ = {isa = PBXBuildFile; fileRef = F7A313E227F4CFE100F9F550 /* doctor.json */; };
		F7A3144A27F4CFE100F9F550 /* girlsitting.json in Resources */ = {isa = PBXBuildFile; fileRef = F7A313E327F4CFE100F9F550 /* girlsitting.json */; };
		F7A3144B27F4CFE100F9F550 /* girlpic2dark.json in Resources */ = {isa = PBXBuildFile; fileRef = F7A313E427F4CFE100F9F550 /* girlpic2dark.json */; };
		F7A3144C27F4CFE100F9F550 /* monito.json in Resources */ = {isa = PBXBuildFile; fileRef = F7A313E527F4CFE100F9F550 /* monito.json */; };
		F7A3144D27F4CFE100F9F550 /* card.json in Resources */ = {isa = PBXBuildFile; fileRef = F7A313E627F4CFE100F9F550 /* card.json */; };
		F7A3144E27F4CFE100F9F550 /* editcard.json in Resources */ = {isa = PBXBuildFile; fileRef = F7A313E727F4CFE100F9F550 /* editcard.json */; };
		F7A3144F27F4CFE100F9F550 /* writing.json in Resources */ = {isa = PBXBuildFile; fileRef = F7A313E827F4CFE100F9F550 /* writing.json */; };
		F7A3145027F4CFE100F9F550 /* sign.json in Resources */ = {isa = PBXBuildFile; fileRef = F7A313E927F4CFE100F9F550 /* sign.json */; };
		F7A3145127F4CFE100F9F550 /* notification.json in Resources */ = {isa = PBXBuildFile; fileRef = F7A313EA27F4CFE100F9F550 /* notification.json */; };
		F7A3145227F4CFE100F9F550 /* woman1.json in Resources */ = {isa = PBXBuildFile; fileRef = F7A313EB27F4CFE100F9F550 /* woman1.json */; };
		F7A3145327F4CFE100F9F550 /* girlpic2.json in Resources */ = {isa = PBXBuildFile; fileRef = F7A313EC27F4CFE100F9F550 /* girlpic2.json */; };
		F7A3145427F4CFE100F9F550 /* error2.json in Resources */ = {isa = PBXBuildFile; fileRef = F7A313ED27F4CFE100F9F550 /* error2.json */; };
		F7A3145527F4CFE100F9F550 /* setComplete.json in Resources */ = {isa = PBXBuildFile; fileRef = F7A313EE27F4CFE100F9F550 /* setComplete.json */; };
		F7A3145627F4CFE100F9F550 /* error3.json in Resources */ = {isa = PBXBuildFile; fileRef = F7A313EF27F4CFE100F9F550 /* error3.json */; };
		F7A3145727F4CFE100F9F550 /* mother.json in Resources */ = {isa = PBXBuildFile; fileRef = F7A313F027F4CFE100F9F550 /* mother.json */; };
		F7A3145827F4CFE100F9F550 /* girlcheckingonly.json in Resources */ = {isa = PBXBuildFile; fileRef = F7A313F127F4CFE100F9F550 /* girlcheckingonly.json */; };
		F7A3145927F4CFE100F9F550 /* workout.json in Resources */ = {isa = PBXBuildFile; fileRef = F7A313F227F4CFE100F9F550 /* workout.json */; };
		F7A3145A27F4CFE100F9F550 /* girlonphone.json in Resources */ = {isa = PBXBuildFile; fileRef = F7A313F327F4CFE100F9F550 /* girlonphone.json */; };
		F7A3145B27F4CFE100F9F550 /* stars.json in Resources */ = {isa = PBXBuildFile; fileRef = F7A313F427F4CFE100F9F550 /* stars.json */; };
		F7A3145C27F4CFE100F9F550 /* MrDafoe-Regular.ttf in Resources */ = {isa = PBXBuildFile; fileRef = F7A313F627F4CFE100F9F550 /* MrDafoe-Regular.ttf */; };
		F7A3145D27F4CFE100F9F550 /* sanfrancisco.ttf in Resources */ = {isa = PBXBuildFile; fileRef = F7A313F727F4CFE100F9F550 /* sanfrancisco.ttf */; };
		F7A3145E27F4CFE100F9F550 /* minimal.ttf in Resources */ = {isa = PBXBuildFile; fileRef = F7A313F827F4CFE100F9F550 /* minimal.ttf */; };
		F7A3145F27F4CFE100F9F550 /* Aloka.otf in Resources */ = {isa = PBXBuildFile; fileRef = F7A313F927F4CFE100F9F550 /* Aloka.otf */; };
		F7A3146027F4CFE100F9F550 /* Carlotte.ttf in Resources */ = {isa = PBXBuildFile; fileRef = F7A313FA27F4CFE100F9F550 /* Carlotte.ttf */; };
		F7A3146127F4CFE100F9F550 /* Davinci.ttf in Resources */ = {isa = PBXBuildFile; fileRef = F7A313FB27F4CFE100F9F550 /* Davinci.ttf */; };
		F7A3146227F4CFE100F9F550 /* Houdient.ttf in Resources */ = {isa = PBXBuildFile; fileRef = F7A313FC27F4CFE100F9F550 /* Houdient.ttf */; };
		F7A3146327F4CFE100F9F550 /* Mignitte.ttf in Resources */ = {isa = PBXBuildFile; fileRef = F7A313FD27F4CFE100F9F550 /* Mignitte.ttf */; };
		F7A3146427F4CFE100F9F550 /* Minimalistic Light.otf in Resources */ = {isa = PBXBuildFile; fileRef = F7A313FE27F4CFE100F9F550 /* Minimalistic Light.otf */; };
		F7A3146527F4CFE100F9F550 /* FontModifier.swift in Sources */ = {isa = PBXBuildFile; fileRef = F7A313FF27F4CFE100F9F550 /* FontModifier.swift */; };
		F7A3146627F4CFE100F9F550 /* SectionRow.swift in Sources */ = {isa = PBXBuildFile; fileRef = F7A3140127F4CFE100F9F550 /* SectionRow.swift */; };
		F7A3146727F4CFE100F9F550 /* TrackCircle.swift in Sources */ = {isa = PBXBuildFile; fileRef = F7A3140227F4CFE100F9F550 /* TrackCircle.swift */; };
		F7A3146D27F4CFE100F9F550 /* CircleLabel.swift in Sources */ = {isa = PBXBuildFile; fileRef = F7A3140827F4CFE100F9F550 /* CircleLabel.swift */; };
		F7A3147527F4CFE100F9F550 /* ImagePicker.swift in Sources */ = {isa = PBXBuildFile; fileRef = F7A3141027F4CFE100F9F550 /* ImagePicker.swift */; };
		F7A3147627F4CFE100F9F550 /* BackgroundView.swift in Sources */ = {isa = PBXBuildFile; fileRef = F7A3141127F4CFE100F9F550 /* BackgroundView.swift */; };
		F7A3147927F4CFE100F9F550 /* Avatar.swift in Sources */ = {isa = PBXBuildFile; fileRef = F7A3141427F4CFE100F9F550 /* Avatar.swift */; };
		F7A3147B27F4CFE100F9F550 /* Notification.swift in Sources */ = {isa = PBXBuildFile; fileRef = F7A3141627F4CFE100F9F550 /* Notification.swift */; };
		F7A3147D27F4CFE100F9F550 /* ShimmerText.swift in Sources */ = {isa = PBXBuildFile; fileRef = F7A3141827F4CFE100F9F550 /* ShimmerText.swift */; };
		F7A3147F27F4CFE100F9F550 /* SettingsMenuItems.swift in Sources */ = {isa = PBXBuildFile; fileRef = F7A3141A27F4CFE100F9F550 /* SettingsMenuItems.swift */; };
		F7A3148027F4CFE100F9F550 /* imageview.swift in Sources */ = {isa = PBXBuildFile; fileRef = F7A3141B27F4CFE100F9F550 /* imageview.swift */; };
		F7A3148327F4CFE100F9F550 /* SmallClocks.swift in Sources */ = {isa = PBXBuildFile; fileRef = F7A3141E27F4CFE100F9F550 /* SmallClocks.swift */; };
		F7A391C527F4C24800E5237F /* ionicFusionApp.swift in Sources */ = {isa = PBXBuildFile; fileRef = F7A391C427F4C24800E5237F /* ionicFusionApp.swift */; };
		F7A391CC27F4C24900E5237F /* Preview Assets.xcassets in Resources */ = {isa = PBXBuildFile; fileRef = F7A391CB27F4C24900E5237F /* Preview Assets.xcassets */; };
		F7A4AC262A20ABC6007E4690 /* ChatsView.swift in Sources */ = {isa = PBXBuildFile; fileRef = F7A4AC252A20ABC6007E4690 /* ChatsView.swift */; };
		F7A4AC282A212FE5007E4690 /* Sender.swift in Sources */ = {isa = PBXBuildFile; fileRef = F7A4AC272A212FE5007E4690 /* Sender.swift */; };
		F7BDF1072A287575008FDB4C /* AboutMePicker.swift in Sources */ = {isa = PBXBuildFile; fileRef = F7BDF1062A287575008FDB4C /* AboutMePicker.swift */; };
		F7BDF10A2A29AECC008FDB4C /* AboutMeView.swift in Sources */ = {isa = PBXBuildFile; fileRef = F7BDF1092A29AECC008FDB4C /* AboutMeView.swift */; };
		F7BDF10C2A29B12E008FDB4C /* WorkView.swift in Sources */ = {isa = PBXBuildFile; fileRef = F7BDF10B2A29B12E008FDB4C /* WorkView.swift */; };
		F7BDF10E2A29BC36008FDB4C /* UniversityView.swift in Sources */ = {isa = PBXBuildFile; fileRef = F7BDF10D2A29BC36008FDB4C /* UniversityView.swift */; };
		F7BDF1102A29C036008FDB4C /* study.json in Resources */ = {isa = PBXBuildFile; fileRef = F7BDF10F2A29C036008FDB4C /* study.json */; };
		F7BDF1122A29C175008FDB4C /* LikesPillView.swift in Sources */ = {isa = PBXBuildFile; fileRef = F7BDF1112A29C175008FDB4C /* LikesPillView.swift */; };
		F7BDF1142A2AA286008FDB4C /* likethumb.json in Resources */ = {isa = PBXBuildFile; fileRef = F7BDF1132A2AA286008FDB4C /* likethumb.json */; };
		F7BDF1162A2AA3EA008FDB4C /* LookingForView.swift in Sources */ = {isa = PBXBuildFile; fileRef = F7BDF1152A2AA3EA008FDB4C /* LookingForView.swift */; };
		F7BDF1182A2AA5FF008FDB4C /* telescope.json in Resources */ = {isa = PBXBuildFile; fileRef = F7BDF1172A2AA5FF008FDB4C /* telescope.json */; };
		F7BDF11A2A2AA797008FDB4C /* eyesrainbow.json in Resources */ = {isa = PBXBuildFile; fileRef = F7BDF1192A2AA797008FDB4C /* eyesrainbow.json */; };
		F7D847E62A22BE6400E1E273 /* messageprev.swift in Sources */ = {isa = PBXBuildFile; fileRef = F7D847E52A22BE6400E1E273 /* messageprev.swift */; };
		F7D847E92A24153B00E1E273 /* SendMatch.swift in Sources */ = {isa = PBXBuildFile; fileRef = F7D847E82A24153B00E1E273 /* SendMatch.swift */; };
		F7D847ED2A2449B400E1E273 /* paperplaneloading.json in Resources */ = {isa = PBXBuildFile; fileRef = F7D847EC2A2449B400E1E273 /* paperplaneloading.json */; };
		F7D847EF2A244D4300E1E273 /* AppUserData.swift in Sources */ = {isa = PBXBuildFile; fileRef = F7D847EE2A244D4300E1E273 /* AppUserData.swift */; };
		F7D847F12A245C9600E1E273 /* dislikebrokeheart.json in Resources */ = {isa = PBXBuildFile; fileRef = F7D847F02A245C9600E1E273 /* dislikebrokeheart.json */; };
		F7D847F32A245E0000E1E273 /* flyingpaperbirdchasinglove.json in Resources */ = {isa = PBXBuildFile; fileRef = F7D847F22A245E0000E1E273 /* flyingpaperbirdchasinglove.json */; };
/* End PBXBuildFile section */

/* Begin PBXFileReference section */
		3810BA9C8BFADD1E82FD59A0 /* Pods-ionicFusion.debug.xcconfig */ = {isa = PBXFileReference; includeInIndex = 1; lastKnownFileType = text.xcconfig; name = "Pods-ionicFusion.debug.xcconfig"; path = "Target Support Files/Pods-ionicFusion/Pods-ionicFusion.debug.xcconfig"; sourceTree = "<group>"; };
		AE85A53419AEF9DF87AD4BA4 /* Pods-ionicFusion.release.xcconfig */ = {isa = PBXFileReference; includeInIndex = 1; lastKnownFileType = text.xcconfig; name = "Pods-ionicFusion.release.xcconfig"; path = "Target Support Files/Pods-ionicFusion/Pods-ionicFusion.release.xcconfig"; sourceTree = "<group>"; };
		E80590F914965A253665F93F /* Pods_ionicFusion.framework */ = {isa = PBXFileReference; explicitFileType = wrapper.framework; includeInIndex = 0; path = Pods_ionicFusion.framework; sourceTree = BUILT_PRODUCTS_DIR; };
		F706362F2A1D5742007A9FEF /* ShuffleMatchesView.swift */ = {isa = PBXFileReference; lastKnownFileType = sourcecode.swift; path = ShuffleMatchesView.swift; sourceTree = "<group>"; };
		F70636312A1D6398007A9FEF /* MatchCard.swift */ = {isa = PBXFileReference; lastKnownFileType = sourcecode.swift; path = MatchCard.swift; sourceTree = "<group>"; };
		F70636332A1D6A92007A9FEF /* SmallMatchActive.swift */ = {isa = PBXFileReference; lastKnownFileType = sourcecode.swift; path = SmallMatchActive.swift; sourceTree = "<group>"; };
		F70636352A1D8960007A9FEF /* GetImage.swift */ = {isa = PBXFileReference; lastKnownFileType = sourcecode.swift; path = GetImage.swift; sourceTree = "<group>"; };
		F706363A2A1E6F6E007A9FEF /* DistanceView.swift */ = {isa = PBXFileReference; lastKnownFileType = sourcecode.swift; path = DistanceView.swift; sourceTree = "<group>"; };
		F706363C2A1E76AF007A9FEF /* LikesPill.swift */ = {isa = PBXFileReference; lastKnownFileType = sourcecode.swift; path = LikesPill.swift; sourceTree = "<group>"; };
		F71652EB2A8FF8B20063E029 /* heartbroken.json */ = {isa = PBXFileReference; fileEncoding = 4; lastKnownFileType = text.json; path = heartbroken.json; sourceTree = "<group>"; };
		F71652ED2A8FFD730063E029 /* heartbeat.json */ = {isa = PBXFileReference; fileEncoding = 4; lastKnownFileType = text.json; path = heartbeat.json; sourceTree = "<group>"; };
		F71652EF2A918D3E0063E029 /* MessageCard.swift */ = {isa = PBXFileReference; lastKnownFileType = sourcecode.swift; path = MessageCard.swift; sourceTree = "<group>"; };
		F71652F12A918E040063E029 /* MessageDetailView.swift */ = {isa = PBXFileReference; lastKnownFileType = sourcecode.swift; path = MessageDetailView.swift; sourceTree = "<group>"; };
		F71652F52A919BA50063E029 /* MessageBubblesView.swift */ = {isa = PBXFileReference; lastKnownFileType = sourcecode.swift; path = MessageBubblesView.swift; sourceTree = "<group>"; };
		F71652F92A92988B0063E029 /* Chats.swift */ = {isa = PBXFileReference; lastKnownFileType = sourcecode.swift; path = Chats.swift; sourceTree = "<group>"; };
		F71652FB2A92DC320063E029 /* ChatTester.swift */ = {isa = PBXFileReference; lastKnownFileType = sourcecode.swift; path = ChatTester.swift; sourceTree = "<group>"; };
		F73F32332A138C800038A6D3 /* DragsCard.swift */ = {isa = PBXFileReference; lastKnownFileType = sourcecode.swift; path = DragsCard.swift; sourceTree = "<group>"; };
		F73F32352A1522880038A6D3 /* nomorecards.json */ = {isa = PBXFileReference; fileEncoding = 4; lastKnownFileType = text.json; path = nomorecards.json; sourceTree = "<group>"; };
		F73F32372A156D340038A6D3 /* redpoof.json */ = {isa = PBXFileReference; fileEncoding = 4; lastKnownFileType = text.json; path = redpoof.json; sourceTree = "<group>"; };
		F755D7C42A2D378800319D57 /* workbuildings.json */ = {isa = PBXFileReference; fileEncoding = 4; lastKnownFileType = text.json; path = workbuildings.json; sourceTree = "<group>"; };
		F755D7C62A2DAB1100319D57 /* SignUpMessageView.swift */ = {isa = PBXFileReference; lastKnownFileType = sourcecode.swift; path = SignUpMessageView.swift; sourceTree = "<group>"; };
		F755D7C82A2DACBC00319D57 /* Email&PasswordView.swift */ = {isa = PBXFileReference; lastKnownFileType = sourcecode.swift; path = "Email&PasswordView.swift"; sourceTree = "<group>"; };
		F755D7CA2A2DD54900319D57 /* EnterNameView.swift */ = {isa = PBXFileReference; lastKnownFileType = sourcecode.swift; path = EnterNameView.swift; sourceTree = "<group>"; };
		F755D7CC2A2DD59400319D57 /* EnterAgeView.swift */ = {isa = PBXFileReference; lastKnownFileType = sourcecode.swift; path = EnterAgeView.swift; sourceTree = "<group>"; };
		F7569D522A104A8D00FE3E84 /* ProfileCard.swift */ = {isa = PBXFileReference; lastKnownFileType = sourcecode.swift; path = ProfileCard.swift; sourceTree = "<group>"; };
		F7569D542A10641A00FE3E84 /* FullProfileView.swift */ = {isa = PBXFileReference; lastKnownFileType = sourcecode.swift; path = FullProfileView.swift; sourceTree = "<group>"; };
		F7569D562A11DE9900FE3E84 /* LikesView.swift */ = {isa = PBXFileReference; lastKnownFileType = sourcecode.swift; path = LikesView.swift; sourceTree = "<group>"; };
		F7569D5A2A11E66B00FE3E84 /* girllikingstuff.json */ = {isa = PBXFileReference; fileEncoding = 4; lastKnownFileType = text.json; path = girllikingstuff.json; sourceTree = "<group>"; };
		F7569D5C2A11E6A100FE3E84 /* loveflying.json */ = {isa = PBXFileReference; fileEncoding = 4; lastKnownFileType = text.json; path = loveflying.json; sourceTree = "<group>"; };
		F7569D5E2A11EAB200FE3E84 /* StandoutsView.swift */ = {isa = PBXFileReference; lastKnownFileType = sourcecode.swift; path = StandoutsView.swift; sourceTree = "<group>"; };
		F7569D602A11F36700FE3E84 /* StandoutCard.swift */ = {isa = PBXFileReference; lastKnownFileType = sourcecode.swift; path = StandoutCard.swift; sourceTree = "<group>"; };
		F7569D642A11FDE600FE3E84 /* MatchData.swift */ = {isa = PBXFileReference; lastKnownFileType = sourcecode.swift; path = MatchData.swift; sourceTree = "<group>"; };
		F79594582A246B5B00636776 /* sadheart.json */ = {isa = PBXFileReference; fileEncoding = 4; lastKnownFileType = text.json; path = sadheart.json; sourceTree = "<group>"; };
		F795945A2A24791600636776 /* NeoModifier.swift */ = {isa = PBXFileReference; lastKnownFileType = sourcecode.swift; path = NeoModifier.swift; sourceTree = "<group>"; };
		F795945C2A252EF200636776 /* TextWriterAppear.swift */ = {isa = PBXFileReference; lastKnownFileType = sourcecode.swift; path = TextWriterAppear.swift; sourceTree = "<group>"; };
		F79594602A25E91700636776 /* CompatibleCard.swift */ = {isa = PBXFileReference; lastKnownFileType = sourcecode.swift; path = CompatibleCard.swift; sourceTree = "<group>"; };
		F79594622A268D8700636776 /* ActiveCard.swift */ = {isa = PBXFileReference; lastKnownFileType = sourcecode.swift; path = ActiveCard.swift; sourceTree = "<group>"; };
		F79594642A269E3400636776 /* ViewProfileView.swift */ = {isa = PBXFileReference; lastKnownFileType = sourcecode.swift; path = ViewProfileView.swift; sourceTree = "<group>"; };
		F79594662A27907800636776 /* ProfileEditView.swift */ = {isa = PBXFileReference; lastKnownFileType = sourcecode.swift; path = ProfileEditView.swift; sourceTree = "<group>"; };
		F79594682A27987900636776 /* WallpaperVM.swift */ = {isa = PBXFileReference; fileEncoding = 4; lastKnownFileType = sourcecode.swift; path = WallpaperVM.swift; sourceTree = "<group>"; };
		F795946A2A27CF9800636776 /* TestView.swift */ = {isa = PBXFileReference; lastKnownFileType = sourcecode.swift; path = TestView.swift; sourceTree = "<group>"; };
		F795946C2A27D95500636776 /* UniversityPicker.swift */ = {isa = PBXFileReference; lastKnownFileType = sourcecode.swift; path = UniversityPicker.swift; sourceTree = "<group>"; };
		F795946E2A27DE9700636776 /* WorkPicker.swift */ = {isa = PBXFileReference; lastKnownFileType = sourcecode.swift; path = WorkPicker.swift; sourceTree = "<group>"; };
		F79594702A27EE7900636776 /* NameChangePicker.swift */ = {isa = PBXFileReference; lastKnownFileType = sourcecode.swift; path = NameChangePicker.swift; sourceTree = "<group>"; };
		F7A3117D27F4CB0500F9F550 /* GoogleService-Info.plist */ = {isa = PBXFileReference; fileEncoding = 4; lastKnownFileType = text.plist.xml; path = "GoogleService-Info.plist"; sourceTree = "<group>"; };
		F7A3135727F4CDB300F9F550 /* ViewController.swift */ = {isa = PBXFileReference; fileEncoding = 4; lastKnownFileType = sourcecode.swift; path = ViewController.swift; sourceTree = "<group>"; };
		F7A3135C27F4CDD100F9F550 /* NavigationBar.swift */ = {isa = PBXFileReference; fileEncoding = 4; lastKnownFileType = sourcecode.swift; path = NavigationBar.swift; sourceTree = "<group>"; };
		F7A3135D27F4CDD100F9F550 /* HomeView.swift */ = {isa = PBXFileReference; fileEncoding = 4; lastKnownFileType = sourcecode.swift; path = HomeView.swift; sourceTree = "<group>"; };
		F7A3135F27F4CDD100F9F550 /* SigninView.swift */ = {isa = PBXFileReference; fileEncoding = 4; lastKnownFileType = sourcecode.swift; path = SigninView.swift; sourceTree = "<group>"; };
		F7A3136227F4CDD100F9F550 /* Launch Screen.storyboard */ = {isa = PBXFileReference; fileEncoding = 4; lastKnownFileType = file.storyboard; path = "Launch Screen.storyboard"; sourceTree = "<group>"; };
		F7A3136527F4CDD100F9F550 /* OnboardingView.swift */ = {isa = PBXFileReference; fileEncoding = 4; lastKnownFileType = sourcecode.swift; path = OnboardingView.swift; sourceTree = "<group>"; };
		F7A3136627F4CDD100F9F550 /* MainTab.swift */ = {isa = PBXFileReference; fileEncoding = 4; lastKnownFileType = sourcecode.swift; path = MainTab.swift; sourceTree = "<group>"; };
		F7A3136827F4CDD100F9F550 /* ViewModel.swift */ = {isa = PBXFileReference; fileEncoding = 4; lastKnownFileType = sourcecode.swift; path = ViewModel.swift; sourceTree = "<group>"; };
		F7A3136B27F4CDD100F9F550 /* SettingsView.swift */ = {isa = PBXFileReference; fileEncoding = 4; lastKnownFileType = sourcecode.swift; path = SettingsView.swift; sourceTree = "<group>"; };
		F7A3136D27F4CDD100F9F550 /* SectionView.swift */ = {isa = PBXFileReference; fileEncoding = 4; lastKnownFileType = sourcecode.swift; path = SectionView.swift; sourceTree = "<group>"; };
		F7A3138C27F4CDEA00F9F550 /* TopicModel.swift */ = {isa = PBXFileReference; fileEncoding = 4; lastKnownFileType = sourcecode.swift; path = TopicModel.swift; sourceTree = "<group>"; };
		F7A3138D27F4CDEA00F9F550 /* Update.swift */ = {isa = PBXFileReference; fileEncoding = 4; lastKnownFileType = sourcecode.swift; path = Update.swift; sourceTree = "<group>"; };
		F7A3138E27F4CDEA00F9F550 /* PreferenceKey.swift */ = {isa = PBXFileReference; fileEncoding = 4; lastKnownFileType = sourcecode.swift; path = PreferenceKey.swift; sourceTree = "<group>"; };
		F7A3138F27F4CDEA00F9F550 /* CourseSection.swift */ = {isa = PBXFileReference; fileEncoding = 4; lastKnownFileType = sourcecode.swift; path = CourseSection.swift; sourceTree = "<group>"; };
		F7A3139027F4CDEA00F9F550 /* NotificationModel.swift */ = {isa = PBXFileReference; fileEncoding = 4; lastKnownFileType = sourcecode.swift; path = NotificationModel.swift; sourceTree = "<group>"; };
		F7A3139227F4CDEA00F9F550 /* Handbook.swift */ = {isa = PBXFileReference; fileEncoding = 4; lastKnownFileType = sourcecode.swift; path = Handbook.swift; sourceTree = "<group>"; };
		F7A3139327F4CDEA00F9F550 /* MessagesModel.swift */ = {isa = PBXFileReference; fileEncoding = 4; lastKnownFileType = sourcecode.swift; path = MessagesModel.swift; sourceTree = "<group>"; };
		F7A3139627F4CDEA00F9F550 /* UserModel.swift */ = {isa = PBXFileReference; fileEncoding = 4; lastKnownFileType = sourcecode.swift; path = UserModel.swift; sourceTree = "<group>"; };
		F7A313AB27F4CDF700F9F550 /* UserViewModel.swift */ = {isa = PBXFileReference; fileEncoding = 4; lastKnownFileType = sourcecode.swift; path = UserViewModel.swift; sourceTree = "<group>"; };
		F7A313AC27F4CDF700F9F550 /* MessagesViewModel.swift */ = {isa = PBXFileReference; fileEncoding = 4; lastKnownFileType = sourcecode.swift; path = MessagesViewModel.swift; sourceTree = "<group>"; };
		F7A313B227F4CFE100F9F550 /* SuccessView.swift */ = {isa = PBXFileReference; fileEncoding = 4; lastKnownFileType = sourcecode.swift; path = SuccessView.swift; sourceTree = "<group>"; };
		F7A313B427F4CFE100F9F550 /* Wave.swift */ = {isa = PBXFileReference; fileEncoding = 4; lastKnownFileType = sourcecode.swift; path = Wave.swift; sourceTree = "<group>"; };
		F7A313B527F4CFE100F9F550 /* HexagonView.swift */ = {isa = PBXFileReference; fileEncoding = 4; lastKnownFileType = sourcecode.swift; path = HexagonView.swift; sourceTree = "<group>"; };
		F7A313B727F4CFE100F9F550 /* AnimatedBlobView.swift */ = {isa = PBXFileReference; fileEncoding = 4; lastKnownFileType = sourcecode.swift; path = AnimatedBlobView.swift; sourceTree = "<group>"; };
		F7A313B827F4CFE100F9F550 /* CircularView.swift */ = {isa = PBXFileReference; fileEncoding = 4; lastKnownFileType = sourcecode.swift; path = CircularView.swift; sourceTree = "<group>"; };
		F7A313BA27F4CFE100F9F550 /* NeumorphicModifier.swift */ = {isa = PBXFileReference; fileEncoding = 4; lastKnownFileType = sourcecode.swift; path = NeumorphicModifier.swift; sourceTree = "<group>"; };
		F7A313BB27F4CFE100F9F550 /* Modifiers.swift */ = {isa = PBXFileReference; fileEncoding = 4; lastKnownFileType = sourcecode.swift; path = Modifiers.swift; sourceTree = "<group>"; };
		F7A313BC27F4CFE100F9F550 /* OffWhiteButtonModifier.swift */ = {isa = PBXFileReference; fileEncoding = 4; lastKnownFileType = sourcecode.swift; path = OffWhiteButtonModifier.swift; sourceTree = "<group>"; };
		F7A313BD27F4CFE100F9F550 /* TextModifiers.swift */ = {isa = PBXFileReference; fileEncoding = 4; lastKnownFileType = sourcecode.swift; path = TextModifiers.swift; sourceTree = "<group>"; };
		F7A313BE27F4CFE100F9F550 /* CustomFieldModifier.swift */ = {isa = PBXFileReference; fileEncoding = 4; lastKnownFileType = sourcecode.swift; path = CustomFieldModifier.swift; sourceTree = "<group>"; };
		F7A313BF27F4CFE100F9F550 /* AnimatableFontModifier.swift */ = {isa = PBXFileReference; fileEncoding = 4; lastKnownFileType = sourcecode.swift; path = AnimatableFontModifier.swift; sourceTree = "<group>"; };
		F7A313C127F4CFE100F9F550 /* CloseButton.swift */ = {isa = PBXFileReference; fileEncoding = 4; lastKnownFileType = sourcecode.swift; path = CloseButton.swift; sourceTree = "<group>"; };
		F7A313C227F4CFE100F9F550 /* PlayButton.swift */ = {isa = PBXFileReference; fileEncoding = 4; lastKnownFileType = sourcecode.swift; path = PlayButton.swift; sourceTree = "<group>"; };
		F7A313C327F4CFE100F9F550 /* BackButton.swift */ = {isa = PBXFileReference; fileEncoding = 4; lastKnownFileType = sourcecode.swift; path = BackButton.swift; sourceTree = "<group>"; };
		F7A313C427F4CFE100F9F550 /* AngularButton.swift */ = {isa = PBXFileReference; fileEncoding = 4; lastKnownFileType = sourcecode.swift; path = AngularButton.swift; sourceTree = "<group>"; };
		F7A313C627F4CFE100F9F550 /* Assets.xcassets */ = {isa = PBXFileReference; lastKnownFileType = folder.assetcatalog; path = Assets.xcassets; sourceTree = "<group>"; };
		F7A313C827F4CFE100F9F550 /* ColorExtension.swift */ = {isa = PBXFileReference; fileEncoding = 4; lastKnownFileType = sourcecode.swift; path = ColorExtension.swift; sourceTree = "<group>"; };
		F7A313C927F4CFE100F9F550 /* ExtensionPlaceholder.swift */ = {isa = PBXFileReference; fileEncoding = 4; lastKnownFileType = sourcecode.swift; path = ExtensionPlaceholder.swift; sourceTree = "<group>"; };
		F7A313CA27F4CFE100F9F550 /* NavigationExten.swift */ = {isa = PBXFileReference; fileEncoding = 4; lastKnownFileType = sourcecode.swift; path = NavigationExten.swift; sourceTree = "<group>"; };
		F7A313CC27F4CFE100F9F550 /* Animations.swift */ = {isa = PBXFileReference; fileEncoding = 4; lastKnownFileType = sourcecode.swift; path = Animations.swift; sourceTree = "<group>"; };
		F7A313CD27F4CFE100F9F550 /* LottieView.swift */ = {isa = PBXFileReference; fileEncoding = 4; lastKnownFileType = sourcecode.swift; path = LottieView.swift; sourceTree = "<group>"; };
		F7A313CF27F4CFE100F9F550 /* woman3.json */ = {isa = PBXFileReference; fileEncoding = 4; lastKnownFileType = text.json; path = woman3.json; sourceTree = "<group>"; };
		F7A313D027F4CFE100F9F550 /* girlwaving.json */ = {isa = PBXFileReference; fileEncoding = 4; lastKnownFileType = text.json; path = girlwaving.json; sourceTree = "<group>"; };
		F7A313D127F4CFE100F9F550 /* girlholdingphoneoninsta.json */ = {isa = PBXFileReference; fileEncoding = 4; lastKnownFileType = text.json; path = girlholdingphoneoninsta.json; sourceTree = "<group>"; };
		F7A313D227F4CFE100F9F550 /* birth.json */ = {isa = PBXFileReference; fileEncoding = 4; lastKnownFileType = text.json; path = birth.json; sourceTree = "<group>"; };
		F7A313D327F4CFE100F9F550 /* error.json */ = {isa = PBXFileReference; fileEncoding = 4; lastKnownFileType = text.json; path = error.json; sourceTree = "<group>"; };
		F7A313D427F4CFE100F9F550 /* error1.json */ = {isa = PBXFileReference; fileEncoding = 4; lastKnownFileType = text.json; path = error1.json; sourceTree = "<group>"; };
		F7A313D527F4CFE100F9F550 /* ergirl.json */ = {isa = PBXFileReference; fileEncoding = 4; lastKnownFileType = text.json; path = ergirl.json; sourceTree = "<group>"; };
		F7A313D627F4CFE100F9F550 /* lock.json */ = {isa = PBXFileReference; fileEncoding = 4; lastKnownFileType = text.json; path = lock.json; sourceTree = "<group>"; };
		F7A313D727F4CFE100F9F550 /* confetti.json */ = {isa = PBXFileReference; fileEncoding = 4; lastKnownFileType = text.json; path = confetti.json; sourceTree = "<group>"; };
		F7A313D827F4CFE100F9F550 /* girlpic1dark.json */ = {isa = PBXFileReference; fileEncoding = 4; lastKnownFileType = text.json; path = girlpic1dark.json; sourceTree = "<group>"; };
		F7A313D927F4CFE100F9F550 /* loading.json */ = {isa = PBXFileReference; fileEncoding = 4; lastKnownFileType = text.json; path = loading.json; sourceTree = "<group>"; };
		F7A313DA27F4CFE100F9F550 /* success.json */ = {isa = PBXFileReference; fileEncoding = 4; lastKnownFileType = text.json; path = success.json; sourceTree = "<group>"; };
		F7A313DB27F4CFE100F9F550 /* girlpic1.json */ = {isa = PBXFileReference; fileEncoding = 4; lastKnownFileType = text.json; path = girlpic1.json; sourceTree = "<group>"; };
		F7A313DC27F4CFE100F9F550 /* woman2.json */ = {isa = PBXFileReference; fileEncoding = 4; lastKnownFileType = text.json; path = woman2.json; sourceTree = "<group>"; };
		F7A313DD27F4CFE100F9F550 /* birds.json */ = {isa = PBXFileReference; fileEncoding = 4; lastKnownFileType = text.json; path = birds.json; sourceTree = "<group>"; };
		F7A313DE27F4CFE100F9F550 /* logged.json */ = {isa = PBXFileReference; fileEncoding = 4; lastKnownFileType = text.json; path = logged.json; sourceTree = "<group>"; };
		F7A313DF27F4CFE100F9F550 /* earth.json */ = {isa = PBXFileReference; fileEncoding = 4; lastKnownFileType = text.json; path = earth.json; sourceTree = "<group>"; };
		F7A313E027F4CFE100F9F550 /* girlcheckinginfo.json */ = {isa = PBXFileReference; fileEncoding = 4; lastKnownFileType = text.json; path = girlcheckinginfo.json; sourceTree = "<group>"; };
		F7A313E127F4CFE100F9F550 /* womandepressed.json */ = {isa = PBXFileReference; fileEncoding = 4; lastKnownFileType = text.json; path = womandepressed.json; sourceTree = "<group>"; };
		F7A313E227F4CFE100F9F550 /* doctor.json */ = {isa = PBXFileReference; fileEncoding = 4; lastKnownFileType = text.json; path = doctor.json; sourceTree = "<group>"; };
		F7A313E327F4CFE100F9F550 /* girlsitting.json */ = {isa = PBXFileReference; fileEncoding = 4; lastKnownFileType = text.json; path = girlsitting.json; sourceTree = "<group>"; };
		F7A313E427F4CFE100F9F550 /* girlpic2dark.json */ = {isa = PBXFileReference; fileEncoding = 4; lastKnownFileType = text.json; path = girlpic2dark.json; sourceTree = "<group>"; };
		F7A313E527F4CFE100F9F550 /* monito.json */ = {isa = PBXFileReference; fileEncoding = 4; lastKnownFileType = text.json; path = monito.json; sourceTree = "<group>"; };
		F7A313E627F4CFE100F9F550 /* card.json */ = {isa = PBXFileReference; fileEncoding = 4; lastKnownFileType = text.json; path = card.json; sourceTree = "<group>"; };
		F7A313E727F4CFE100F9F550 /* editcard.json */ = {isa = PBXFileReference; fileEncoding = 4; lastKnownFileType = text.json; path = editcard.json; sourceTree = "<group>"; };
		F7A313E827F4CFE100F9F550 /* writing.json */ = {isa = PBXFileReference; fileEncoding = 4; lastKnownFileType = text.json; path = writing.json; sourceTree = "<group>"; };
		F7A313E927F4CFE100F9F550 /* sign.json */ = {isa = PBXFileReference; fileEncoding = 4; lastKnownFileType = text.json; path = sign.json; sourceTree = "<group>"; };
		F7A313EA27F4CFE100F9F550 /* notification.json */ = {isa = PBXFileReference; fileEncoding = 4; lastKnownFileType = text.json; path = notification.json; sourceTree = "<group>"; };
		F7A313EB27F4CFE100F9F550 /* woman1.json */ = {isa = PBXFileReference; fileEncoding = 4; lastKnownFileType = text.json; path = woman1.json; sourceTree = "<group>"; };
		F7A313EC27F4CFE100F9F550 /* girlpic2.json */ = {isa = PBXFileReference; fileEncoding = 4; lastKnownFileType = text.json; path = girlpic2.json; sourceTree = "<group>"; };
		F7A313ED27F4CFE100F9F550 /* error2.json */ = {isa = PBXFileReference; fileEncoding = 4; lastKnownFileType = text.json; path = error2.json; sourceTree = "<group>"; };
		F7A313EE27F4CFE100F9F550 /* setComplete.json */ = {isa = PBXFileReference; fileEncoding = 4; lastKnownFileType = text.json; path = setComplete.json; sourceTree = "<group>"; };
		F7A313EF27F4CFE100F9F550 /* error3.json */ = {isa = PBXFileReference; fileEncoding = 4; lastKnownFileType = text.json; path = error3.json; sourceTree = "<group>"; };
		F7A313F027F4CFE100F9F550 /* mother.json */ = {isa = PBXFileReference; fileEncoding = 4; lastKnownFileType = text.json; path = mother.json; sourceTree = "<group>"; };
		F7A313F127F4CFE100F9F550 /* girlcheckingonly.json */ = {isa = PBXFileReference; fileEncoding = 4; lastKnownFileType = text.json; path = girlcheckingonly.json; sourceTree = "<group>"; };
		F7A313F227F4CFE100F9F550 /* workout.json */ = {isa = PBXFileReference; fileEncoding = 4; lastKnownFileType = text.json; path = workout.json; sourceTree = "<group>"; };
		F7A313F327F4CFE100F9F550 /* girlonphone.json */ = {isa = PBXFileReference; fileEncoding = 4; lastKnownFileType = text.json; path = girlonphone.json; sourceTree = "<group>"; };
		F7A313F427F4CFE100F9F550 /* stars.json */ = {isa = PBXFileReference; fileEncoding = 4; lastKnownFileType = text.json; path = stars.json; sourceTree = "<group>"; };
		F7A313F627F4CFE100F9F550 /* MrDafoe-Regular.ttf */ = {isa = PBXFileReference; lastKnownFileType = file; path = "MrDafoe-Regular.ttf"; sourceTree = "<group>"; };
		F7A313F727F4CFE100F9F550 /* sanfrancisco.ttf */ = {isa = PBXFileReference; lastKnownFileType = file; path = sanfrancisco.ttf; sourceTree = "<group>"; };
		F7A313F827F4CFE100F9F550 /* minimal.ttf */ = {isa = PBXFileReference; lastKnownFileType = file; path = minimal.ttf; sourceTree = "<group>"; };
		F7A313F927F4CFE100F9F550 /* Aloka.otf */ = {isa = PBXFileReference; lastKnownFileType = file; path = Aloka.otf; sourceTree = "<group>"; };
		F7A313FA27F4CFE100F9F550 /* Carlotte.ttf */ = {isa = PBXFileReference; lastKnownFileType = file; path = Carlotte.ttf; sourceTree = "<group>"; };
		F7A313FB27F4CFE100F9F550 /* Davinci.ttf */ = {isa = PBXFileReference; lastKnownFileType = file; path = Davinci.ttf; sourceTree = "<group>"; };
		F7A313FC27F4CFE100F9F550 /* Houdient.ttf */ = {isa = PBXFileReference; lastKnownFileType = file; path = Houdient.ttf; sourceTree = "<group>"; };
		F7A313FD27F4CFE100F9F550 /* Mignitte.ttf */ = {isa = PBXFileReference; lastKnownFileType = file; path = Mignitte.ttf; sourceTree = "<group>"; };
		F7A313FE27F4CFE100F9F550 /* Minimalistic Light.otf */ = {isa = PBXFileReference; lastKnownFileType = file; path = "Minimalistic Light.otf"; sourceTree = "<group>"; };
		F7A313FF27F4CFE100F9F550 /* FontModifier.swift */ = {isa = PBXFileReference; fileEncoding = 4; lastKnownFileType = sourcecode.swift; path = FontModifier.swift; sourceTree = "<group>"; };
		F7A3140127F4CFE100F9F550 /* SectionRow.swift */ = {isa = PBXFileReference; fileEncoding = 4; lastKnownFileType = sourcecode.swift; path = SectionRow.swift; sourceTree = "<group>"; };
		F7A3140227F4CFE100F9F550 /* TrackCircle.swift */ = {isa = PBXFileReference; fileEncoding = 4; lastKnownFileType = sourcecode.swift; path = TrackCircle.swift; sourceTree = "<group>"; };
		F7A3140827F4CFE100F9F550 /* CircleLabel.swift */ = {isa = PBXFileReference; fileEncoding = 4; lastKnownFileType = sourcecode.swift; path = CircleLabel.swift; sourceTree = "<group>"; };
		F7A3141027F4CFE100F9F550 /* ImagePicker.swift */ = {isa = PBXFileReference; fileEncoding = 4; lastKnownFileType = sourcecode.swift; path = ImagePicker.swift; sourceTree = "<group>"; };
		F7A3141127F4CFE100F9F550 /* BackgroundView.swift */ = {isa = PBXFileReference; fileEncoding = 4; lastKnownFileType = sourcecode.swift; path = BackgroundView.swift; sourceTree = "<group>"; };
		F7A3141427F4CFE100F9F550 /* Avatar.swift */ = {isa = PBXFileReference; fileEncoding = 4; lastKnownFileType = sourcecode.swift; path = Avatar.swift; sourceTree = "<group>"; };
		F7A3141627F4CFE100F9F550 /* Notification.swift */ = {isa = PBXFileReference; fileEncoding = 4; lastKnownFileType = sourcecode.swift; path = Notification.swift; sourceTree = "<group>"; };
		F7A3141827F4CFE100F9F550 /* ShimmerText.swift */ = {isa = PBXFileReference; fileEncoding = 4; lastKnownFileType = sourcecode.swift; path = ShimmerText.swift; sourceTree = "<group>"; };
		F7A3141A27F4CFE100F9F550 /* SettingsMenuItems.swift */ = {isa = PBXFileReference; fileEncoding = 4; lastKnownFileType = sourcecode.swift; path = SettingsMenuItems.swift; sourceTree = "<group>"; };
		F7A3141B27F4CFE100F9F550 /* imageview.swift */ = {isa = PBXFileReference; fileEncoding = 4; lastKnownFileType = sourcecode.swift; path = imageview.swift; sourceTree = "<group>"; };
		F7A3141E27F4CFE100F9F550 /* SmallClocks.swift */ = {isa = PBXFileReference; fileEncoding = 4; lastKnownFileType = sourcecode.swift; path = SmallClocks.swift; sourceTree = "<group>"; };
		F7A391C127F4C24800E5237F /* ionicFusion.app */ = {isa = PBXFileReference; explicitFileType = wrapper.application; includeInIndex = 0; path = ionicFusion.app; sourceTree = BUILT_PRODUCTS_DIR; };
		F7A391C427F4C24800E5237F /* ionicFusionApp.swift */ = {isa = PBXFileReference; lastKnownFileType = sourcecode.swift; path = ionicFusionApp.swift; sourceTree = "<group>"; };
		F7A391CB27F4C24900E5237F /* Preview Assets.xcassets */ = {isa = PBXFileReference; lastKnownFileType = folder.assetcatalog; path = "Preview Assets.xcassets"; sourceTree = "<group>"; };
		F7A4AC252A20ABC6007E4690 /* ChatsView.swift */ = {isa = PBXFileReference; lastKnownFileType = sourcecode.swift; path = ChatsView.swift; sourceTree = "<group>"; };
		F7A4AC272A212FE5007E4690 /* Sender.swift */ = {isa = PBXFileReference; lastKnownFileType = sourcecode.swift; path = Sender.swift; sourceTree = "<group>"; };
		F7BDF1062A287575008FDB4C /* AboutMePicker.swift */ = {isa = PBXFileReference; lastKnownFileType = sourcecode.swift; path = AboutMePicker.swift; sourceTree = "<group>"; };
		F7BDF1092A29AECC008FDB4C /* AboutMeView.swift */ = {isa = PBXFileReference; lastKnownFileType = sourcecode.swift; path = AboutMeView.swift; sourceTree = "<group>"; };
		F7BDF10B2A29B12E008FDB4C /* WorkView.swift */ = {isa = PBXFileReference; lastKnownFileType = sourcecode.swift; path = WorkView.swift; sourceTree = "<group>"; };
		F7BDF10D2A29BC36008FDB4C /* UniversityView.swift */ = {isa = PBXFileReference; lastKnownFileType = sourcecode.swift; path = UniversityView.swift; sourceTree = "<group>"; };
		F7BDF10F2A29C036008FDB4C /* study.json */ = {isa = PBXFileReference; fileEncoding = 4; lastKnownFileType = text.json; path = study.json; sourceTree = "<group>"; };
		F7BDF1112A29C175008FDB4C /* LikesPillView.swift */ = {isa = PBXFileReference; lastKnownFileType = sourcecode.swift; path = LikesPillView.swift; sourceTree = "<group>"; };
		F7BDF1132A2AA286008FDB4C /* likethumb.json */ = {isa = PBXFileReference; fileEncoding = 4; lastKnownFileType = text.json; path = likethumb.json; sourceTree = "<group>"; };
		F7BDF1152A2AA3EA008FDB4C /* LookingForView.swift */ = {isa = PBXFileReference; lastKnownFileType = sourcecode.swift; path = LookingForView.swift; sourceTree = "<group>"; };
		F7BDF1172A2AA5FF008FDB4C /* telescope.json */ = {isa = PBXFileReference; fileEncoding = 4; lastKnownFileType = text.json; path = telescope.json; sourceTree = "<group>"; };
		F7BDF1192A2AA797008FDB4C /* eyesrainbow.json */ = {isa = PBXFileReference; fileEncoding = 4; lastKnownFileType = text.json; path = eyesrainbow.json; sourceTree = "<group>"; };
		F7D847E52A22BE6400E1E273 /* messageprev.swift */ = {isa = PBXFileReference; lastKnownFileType = sourcecode.swift; path = messageprev.swift; sourceTree = "<group>"; };
		F7D847E82A24153B00E1E273 /* SendMatch.swift */ = {isa = PBXFileReference; lastKnownFileType = sourcecode.swift; path = SendMatch.swift; sourceTree = "<group>"; };
		F7D847EC2A2449B400E1E273 /* paperplaneloading.json */ = {isa = PBXFileReference; fileEncoding = 4; lastKnownFileType = text.json; path = paperplaneloading.json; sourceTree = "<group>"; };
		F7D847EE2A244D4300E1E273 /* AppUserData.swift */ = {isa = PBXFileReference; lastKnownFileType = sourcecode.swift; path = AppUserData.swift; sourceTree = "<group>"; };
		F7D847F02A245C9600E1E273 /* dislikebrokeheart.json */ = {isa = PBXFileReference; fileEncoding = 4; lastKnownFileType = text.json; path = dislikebrokeheart.json; sourceTree = "<group>"; };
		F7D847F22A245E0000E1E273 /* flyingpaperbirdchasinglove.json */ = {isa = PBXFileReference; fileEncoding = 4; lastKnownFileType = text.json; path = flyingpaperbirdchasinglove.json; sourceTree = "<group>"; };
/* End PBXFileReference section */

/* Begin PBXFrameworksBuildPhase section */
		F7A391BE27F4C24800E5237F /* Frameworks */ = {
			isa = PBXFrameworksBuildPhase;
			buildActionMask = 2147483647;
			files = (
				217A2403164EC0396CC256FB /* Pods_ionicFusion.framework in Frameworks */,
			);
			runOnlyForDeploymentPostprocessing = 0;
		};
/* End PBXFrameworksBuildPhase section */

/* Begin PBXGroup section */
		542FAD27B7A1F58EEE82EDE5 /* Pods */ = {
			isa = PBXGroup;
			children = (
				3810BA9C8BFADD1E82FD59A0 /* Pods-ionicFusion.debug.xcconfig */,
				AE85A53419AEF9DF87AD4BA4 /* Pods-ionicFusion.release.xcconfig */,
			);
			path = Pods;
			sourceTree = "<group>";
		};
		9747D33DB38CCA70B7E4C483 /* Frameworks */ = {
			isa = PBXGroup;
			children = (
				E80590F914965A253665F93F /* Pods_ionicFusion.framework */,
			);
			name = Frameworks;
			sourceTree = "<group>";
		};
		F70636392A1E6F48007A9FEF /* Funcs */ = {
			isa = PBXGroup;
			children = (
				F706363A2A1E6F6E007A9FEF /* DistanceView.swift */,
			);
			path = Funcs;
			sourceTree = "<group>";
		};
		F73F32402A1604E50038A6D3 /* Cards */ = {
			isa = PBXGroup;
			children = (
				F7569D522A104A8D00FE3E84 /* ProfileCard.swift */,
				F7569D602A11F36700FE3E84 /* StandoutCard.swift */,
				F70636312A1D6398007A9FEF /* MatchCard.swift */,
				F70636332A1D6A92007A9FEF /* SmallMatchActive.swift */,
				F79594602A25E91700636776 /* CompatibleCard.swift */,
				F79594622A268D8700636776 /* ActiveCard.swift */,
			);
			path = Cards;
			sourceTree = "<group>";
		};
		F73F32412A1605170038A6D3 /* Widget */ = {
			isa = PBXGroup;
			children = (
				F79594682A27987900636776 /* WallpaperVM.swift */,
				F7A3140127F4CFE100F9F550 /* SectionRow.swift */,
				F7A3141E27F4CFE100F9F550 /* SmallClocks.swift */,
				F7A3140227F4CFE100F9F550 /* TrackCircle.swift */,
				F71652EF2A918D3E0063E029 /* MessageCard.swift */,
				F7A3141427F4CFE100F9F550 /* Avatar.swift */,
				F7A3141627F4CFE100F9F550 /* Notification.swift */,
				F70636352A1D8960007A9FEF /* GetImage.swift */,
				F706363C2A1E76AF007A9FEF /* LikesPill.swift */,
				F7A4AC252A20ABC6007E4690 /* ChatsView.swift */,
				F7A4AC272A212FE5007E4690 /* Sender.swift */,
				F7D847E52A22BE6400E1E273 /* messageprev.swift */,
				F795945C2A252EF200636776 /* TextWriterAppear.swift */,
				F795946A2A27CF9800636776 /* TestView.swift */,
				F795946C2A27D95500636776 /* UniversityPicker.swift */,
				F795946E2A27DE9700636776 /* WorkPicker.swift */,
				F79594702A27EE7900636776 /* NameChangePicker.swift */,
				F7BDF1062A287575008FDB4C /* AboutMePicker.swift */,
			);
			path = Widget;
			sourceTree = "<group>";
		};
		F73F32432A1609390038A6D3 /* TopView */ = {
			isa = PBXGroup;
			children = (
				F7A3136627F4CDD100F9F550 /* MainTab.swift */,
				F7A3135C27F4CDD100F9F550 /* NavigationBar.swift */,
				F7A3136227F4CDD100F9F550 /* Launch Screen.storyboard */,
			);
			path = TopView;
			sourceTree = "<group>";
		};
		F73F32442A1609D40038A6D3 /* BeforeLogin */ = {
			isa = PBXGroup;
			children = (
				F7A3136527F4CDD100F9F550 /* OnboardingView.swift */,
				F7A3135F27F4CDD100F9F550 /* SigninView.swift */,
			);
			path = BeforeLogin;
			sourceTree = "<group>";
		};
		F73F32452A160A1C0038A6D3 /* Pages */ = {
			isa = PBXGroup;
			children = (
				F706362F2A1D5742007A9FEF /* ShuffleMatchesView.swift */,
				F7569D562A11DE9900FE3E84 /* LikesView.swift */,
				F7A3135D27F4CDD100F9F550 /* HomeView.swift */,
				F7569D5E2A11EAB200FE3E84 /* StandoutsView.swift */,
				F71652F92A92988B0063E029 /* Chats.swift */,
			);
			path = Pages;
			sourceTree = "<group>";
		};
		F7A3135927F4CDD100F9F550 /* Views */ = {
			isa = PBXGroup;
			children = (
				F7D847E72A24152400E1E273 /* PopUp */,
				F73F32442A1609D40038A6D3 /* BeforeLogin */,
				F73F32432A1609390038A6D3 /* TopView */,
				F73F32452A160A1C0038A6D3 /* Pages */,
				F7A3136927F4CDD100F9F550 /* Detail */,
			);
			path = Views;
			sourceTree = "<group>";
		};
		F7A3136927F4CDD100F9F550 /* Detail */ = {
			isa = PBXGroup;
			children = (
				F7569D542A10641A00FE3E84 /* FullProfileView.swift */,
				F71652FB2A92DC320063E029 /* ChatTester.swift */,
				F71652F12A918E040063E029 /* MessageDetailView.swift */,
				F79594662A27907800636776 /* ProfileEditView.swift */,
				F7A3136D27F4CDD100F9F550 /* SectionView.swift */,
				F7A3136B27F4CDD100F9F550 /* SettingsView.swift */,
				F79594642A269E3400636776 /* ViewProfileView.swift */,
			);
			path = Detail;
			sourceTree = "<group>";
		};
		F7A3138B27F4CDEA00F9F550 /* Models */ = {
			isa = PBXGroup;
			children = (
				F7D847EE2A244D4300E1E273 /* AppUserData.swift */,
				F7A3138F27F4CDEA00F9F550 /* CourseSection.swift */,
				F7A3139227F4CDEA00F9F550 /* Handbook.swift */,
				F7569D642A11FDE600FE3E84 /* MatchData.swift */,
				F7A3139327F4CDEA00F9F550 /* MessagesModel.swift */,
				F7A3139027F4CDEA00F9F550 /* NotificationModel.swift */,
				F7A3138E27F4CDEA00F9F550 /* PreferenceKey.swift */,
				F7A3138C27F4CDEA00F9F550 /* TopicModel.swift */,
				F7A3138D27F4CDEA00F9F550 /* Update.swift */,
				F7A3139627F4CDEA00F9F550 /* UserModel.swift */,
			);
			path = Models;
			sourceTree = "<group>";
		};
		F7A313AA27F4CDF700F9F550 /* ViewModels */ = {
			isa = PBXGroup;
			children = (
				F7A3136827F4CDD100F9F550 /* ViewModel.swift */,
				F7A313AB27F4CDF700F9F550 /* UserViewModel.swift */,
				F7A313AC27F4CDF700F9F550 /* MessagesViewModel.swift */,
			);
			path = ViewModels;
			sourceTree = "<group>";
		};
		F7A313AF27F4CFE100F9F550 /* Assets */ = {
			isa = PBXGroup;
			children = (
				F7BDF1082A29AEA2008FDB4C /* UserInfomation */,
				F70636392A1E6F48007A9FEF /* Funcs */,
				F73F32412A1605170038A6D3 /* Widget */,
				F73F32402A1604E50038A6D3 /* Cards */,
				F7A3140027F4CFE100F9F550 /* Reusable */,
				F7A313B027F4CFE100F9F550 /* Misc */,
				F7A313B927F4CFE100F9F550 /* Modifiers */,
				F7A313C027F4CFE100F9F550 /* Buttons */,
				F7A313C527F4CFE100F9F550 /* Images */,
				F7A313C727F4CFE100F9F550 /* Extensions */,
				F7A313CB27F4CFE100F9F550 /* Styles */,
				F7A313CE27F4CFE100F9F550 /* Lottie */,
				F7A313F527F4CFE100F9F550 /* Fonts */,
			);
			path = Assets;
			sourceTree = "<group>";
		};
		F7A313B027F4CFE100F9F550 /* Misc */ = {
			isa = PBXGroup;
			children = (
				F7A313B127F4CFE100F9F550 /* PopUpAlerts */,
				F7A313B427F4CFE100F9F550 /* Wave.swift */,
				F7A313B527F4CFE100F9F550 /* HexagonView.swift */,
				F7A313B727F4CFE100F9F550 /* AnimatedBlobView.swift */,
				F7A313B827F4CFE100F9F550 /* CircularView.swift */,
			);
			path = Misc;
			sourceTree = "<group>";
		};
		F7A313B127F4CFE100F9F550 /* PopUpAlerts */ = {
			isa = PBXGroup;
			children = (
				F7A313B227F4CFE100F9F550 /* SuccessView.swift */,
			);
			path = PopUpAlerts;
			sourceTree = "<group>";
		};
		F7A313B927F4CFE100F9F550 /* Modifiers */ = {
			isa = PBXGroup;
			children = (
				F7A313BA27F4CFE100F9F550 /* NeumorphicModifier.swift */,
				F7A313BB27F4CFE100F9F550 /* Modifiers.swift */,
				F7A313BC27F4CFE100F9F550 /* OffWhiteButtonModifier.swift */,
				F7A313BD27F4CFE100F9F550 /* TextModifiers.swift */,
				F7A313BE27F4CFE100F9F550 /* CustomFieldModifier.swift */,
				F7A313BF27F4CFE100F9F550 /* AnimatableFontModifier.swift */,
				F795945A2A24791600636776 /* NeoModifier.swift */,
			);
			path = Modifiers;
			sourceTree = "<group>";
		};
		F7A313C027F4CFE100F9F550 /* Buttons */ = {
			isa = PBXGroup;
			children = (
				F7A313C127F4CFE100F9F550 /* CloseButton.swift */,
				F7A313C227F4CFE100F9F550 /* PlayButton.swift */,
				F7A313C327F4CFE100F9F550 /* BackButton.swift */,
				F7A313C427F4CFE100F9F550 /* AngularButton.swift */,
			);
			path = Buttons;
			sourceTree = "<group>";
		};
		F7A313C527F4CFE100F9F550 /* Images */ = {
			isa = PBXGroup;
			children = (
				F7A313C627F4CFE100F9F550 /* Assets.xcassets */,
			);
			path = Images;
			sourceTree = "<group>";
		};
		F7A313C727F4CFE100F9F550 /* Extensions */ = {
			isa = PBXGroup;
			children = (
				F7A313C827F4CFE100F9F550 /* ColorExtension.swift */,
				F7A313C927F4CFE100F9F550 /* ExtensionPlaceholder.swift */,
				F7A313CA27F4CFE100F9F550 /* NavigationExten.swift */,
			);
			path = Extensions;
			sourceTree = "<group>";
		};
		F7A313CB27F4CFE100F9F550 /* Styles */ = {
			isa = PBXGroup;
			children = (
				F7A313CC27F4CFE100F9F550 /* Animations.swift */,
				F7A313CD27F4CFE100F9F550 /* LottieView.swift */,
			);
			path = Styles;
			sourceTree = "<group>";
		};
		F7A313CE27F4CFE100F9F550 /* Lottie */ = {
			isa = PBXGroup;
			children = (
				F755D7C42A2D378800319D57 /* workbuildings.json */,
				F7BDF10F2A29C036008FDB4C /* study.json */,
				F7BDF1192A2AA797008FDB4C /* eyesrainbow.json */,
				F7BDF1172A2AA5FF008FDB4C /* telescope.json */,
				F71652ED2A8FFD730063E029 /* heartbeat.json */,
				F71652EB2A8FF8B20063E029 /* heartbroken.json */,
				F7BDF1132A2AA286008FDB4C /* likethumb.json */,
				F79594582A246B5B00636776 /* sadheart.json */,
				F7D847F02A245C9600E1E273 /* dislikebrokeheart.json */,
				F7D847F22A245E0000E1E273 /* flyingpaperbirdchasinglove.json */,
				F73F32352A1522880038A6D3 /* nomorecards.json */,
				F7A313CF27F4CFE100F9F550 /* woman3.json */,
				F7A313D027F4CFE100F9F550 /* girlwaving.json */,
				F7A313D127F4CFE100F9F550 /* girlholdingphoneoninsta.json */,
				F73F32372A156D340038A6D3 /* redpoof.json */,
				F7A313D227F4CFE100F9F550 /* birth.json */,
				F7A313D327F4CFE100F9F550 /* error.json */,
				F7A313D427F4CFE100F9F550 /* error1.json */,
				F7D847EC2A2449B400E1E273 /* paperplaneloading.json */,
				F7A313D527F4CFE100F9F550 /* ergirl.json */,
				F7A313D627F4CFE100F9F550 /* lock.json */,
				F7A313D727F4CFE100F9F550 /* confetti.json */,
				F7A313D827F4CFE100F9F550 /* girlpic1dark.json */,
				F7A313D927F4CFE100F9F550 /* loading.json */,
				F7A313DA27F4CFE100F9F550 /* success.json */,
				F7A313DB27F4CFE100F9F550 /* girlpic1.json */,
				F7A313DC27F4CFE100F9F550 /* woman2.json */,
				F7A313DD27F4CFE100F9F550 /* birds.json */,
				F7A313DE27F4CFE100F9F550 /* logged.json */,
				F7569D5C2A11E6A100FE3E84 /* loveflying.json */,
				F7A313DF27F4CFE100F9F550 /* earth.json */,
				F7A313E027F4CFE100F9F550 /* girlcheckinginfo.json */,
				F7A313E127F4CFE100F9F550 /* womandepressed.json */,
				F7A313E227F4CFE100F9F550 /* doctor.json */,
				F7A313E327F4CFE100F9F550 /* girlsitting.json */,
				F7A313E427F4CFE100F9F550 /* girlpic2dark.json */,
				F7569D5A2A11E66B00FE3E84 /* girllikingstuff.json */,
				F7A313E527F4CFE100F9F550 /* monito.json */,
				F7A313E627F4CFE100F9F550 /* card.json */,
				F7A313E727F4CFE100F9F550 /* editcard.json */,
				F7A313E827F4CFE100F9F550 /* writing.json */,
				F7A313E927F4CFE100F9F550 /* sign.json */,
				F7A313EA27F4CFE100F9F550 /* notification.json */,
				F7A313EB27F4CFE100F9F550 /* woman1.json */,
				F7A313EC27F4CFE100F9F550 /* girlpic2.json */,
				F7A313ED27F4CFE100F9F550 /* error2.json */,
				F7A313EE27F4CFE100F9F550 /* setComplete.json */,
				F7A313EF27F4CFE100F9F550 /* error3.json */,
				F7A313F027F4CFE100F9F550 /* mother.json */,
				F7A313F127F4CFE100F9F550 /* girlcheckingonly.json */,
				F7A313F227F4CFE100F9F550 /* workout.json */,
				F7A313F327F4CFE100F9F550 /* girlonphone.json */,
				F7A313F427F4CFE100F9F550 /* stars.json */,
			);
			path = Lottie;
			sourceTree = "<group>";
		};
		F7A313F527F4CFE100F9F550 /* Fonts */ = {
			isa = PBXGroup;
			children = (
				F7A313F627F4CFE100F9F550 /* MrDafoe-Regular.ttf */,
				F7A313F727F4CFE100F9F550 /* sanfrancisco.ttf */,
				F7A313F827F4CFE100F9F550 /* minimal.ttf */,
				F7A313F927F4CFE100F9F550 /* Aloka.otf */,
				F7A313FA27F4CFE100F9F550 /* Carlotte.ttf */,
				F7A313FB27F4CFE100F9F550 /* Davinci.ttf */,
				F7A313FC27F4CFE100F9F550 /* Houdient.ttf */,
				F7A313FD27F4CFE100F9F550 /* Mignitte.ttf */,
				F7A313FE27F4CFE100F9F550 /* Minimalistic Light.otf */,
				F7A313FF27F4CFE100F9F550 /* FontModifier.swift */,
			);
			path = Fonts;
			sourceTree = "<group>";
		};
		F7A3140027F4CFE100F9F550 /* Reusable */ = {
			isa = PBXGroup;
			children = (
				F71652F52A919BA50063E029 /* MessageBubblesView.swift */,
				F73F32332A138C800038A6D3 /* DragsCard.swift */,
				F7A3140827F4CFE100F9F550 /* CircleLabel.swift */,
				F7A3141027F4CFE100F9F550 /* ImagePicker.swift */,
				F7A3141127F4CFE100F9F550 /* BackgroundView.swift */,
				F7A3141827F4CFE100F9F550 /* ShimmerText.swift */,
				F7A3141A27F4CFE100F9F550 /* SettingsMenuItems.swift */,
				F7A3141B27F4CFE100F9F550 /* imageview.swift */,
				F755D7C62A2DAB1100319D57 /* SignUpMessageView.swift */,
			);
			path = Reusable;
			sourceTree = "<group>";
		};
		F7A3148427F4D04200F9F550 /* Api */ = {
			isa = PBXGroup;
			children = (
				F7A3117D27F4CB0500F9F550 /* GoogleService-Info.plist */,
				F7A391C427F4C24800E5237F /* ionicFusionApp.swift */,
				F7A3135727F4CDB300F9F550 /* ViewController.swift */,
			);
			path = Api;
			sourceTree = "<group>";
		};
		F7A391B827F4C24800E5237F = {
			isa = PBXGroup;
			children = (
				F7A391C327F4C24800E5237F /* ionicFusion */,
				F7A391C227F4C24800E5237F /* Products */,
				542FAD27B7A1F58EEE82EDE5 /* Pods */,
				9747D33DB38CCA70B7E4C483 /* Frameworks */,
			);
			sourceTree = "<group>";
		};
		F7A391C227F4C24800E5237F /* Products */ = {
			isa = PBXGroup;
			children = (
				F7A391C127F4C24800E5237F /* ionicFusion.app */,
			);
			name = Products;
			sourceTree = "<group>";
		};
		F7A391C327F4C24800E5237F /* ionicFusion */ = {
			isa = PBXGroup;
			children = (
				F7A3148427F4D04200F9F550 /* Api */,
				F7A3135927F4CDD100F9F550 /* Views */,
				F7A313AA27F4CDF700F9F550 /* ViewModels */,
				F7A3138B27F4CDEA00F9F550 /* Models */,
				F7A313AF27F4CFE100F9F550 /* Assets */,
				F7A391CA27F4C24900E5237F /* Preview Content */,
			);
			path = ionicFusion;
			sourceTree = "<group>";
		};
		F7A391CA27F4C24900E5237F /* Preview Content */ = {
			isa = PBXGroup;
			children = (
				F7A391CB27F4C24900E5237F /* Preview Assets.xcassets */,
			);
			path = "Preview Content";
			sourceTree = "<group>";
		};
		F7BDF1082A29AEA2008FDB4C /* UserInfomation */ = {
			isa = PBXGroup;
			children = (
				F7BDF1092A29AECC008FDB4C /* AboutMeView.swift */,
				F755D7C82A2DACBC00319D57 /* Email&PasswordView.swift */,
				F755D7CC2A2DD59400319D57 /* EnterAgeView.swift */,
				F755D7CA2A2DD54900319D57 /* EnterNameView.swift */,
				F7BDF1112A29C175008FDB4C /* LikesPillView.swift */,
				F7BDF1152A2AA3EA008FDB4C /* LookingForView.swift */,
				F7BDF10D2A29BC36008FDB4C /* UniversityView.swift */,
				F7BDF10B2A29B12E008FDB4C /* WorkView.swift */,
			);
			path = UserInfomation;
			sourceTree = "<group>";
		};
		F7D847E72A24152400E1E273 /* PopUp */ = {
			isa = PBXGroup;
			children = (
				F7D847E82A24153B00E1E273 /* SendMatch.swift */,
			);
			path = PopUp;
			sourceTree = "<group>";
		};
/* End PBXGroup section */

/* Begin PBXNativeTarget section */
		F7A391C027F4C24800E5237F /* ionicFusion */ = {
			isa = PBXNativeTarget;
			buildConfigurationList = F7A391CF27F4C24900E5237F /* Build configuration list for PBXNativeTarget "ionicFusion" */;
			buildPhases = (
				5426AAB5548D2A3F15ABB328 /* [CP] Check Pods Manifest.lock */,
				F7A391BD27F4C24800E5237F /* Sources */,
				F7A391BE27F4C24800E5237F /* Frameworks */,
				F7A391BF27F4C24800E5237F /* Resources */,
				516ED9BF3BFF2D7FA9F5D4B6 /* [CP] Embed Pods Frameworks */,
			);
			buildRules = (
			);
			dependencies = (
			);
			name = ionicFusion;
			productName = ionicFusion;
			productReference = F7A391C127F4C24800E5237F /* ionicFusion.app */;
			productType = "com.apple.product-type.application";
		};
/* End PBXNativeTarget section */

/* Begin PBXProject section */
		F7A391B927F4C24800E5237F /* Project object */ = {
			isa = PBXProject;
			attributes = {
				BuildIndependentTargetsInParallel = 1;
				LastSwiftUpdateCheck = 1330;
				LastUpgradeCheck = 1330;
				TargetAttributes = {
					F7A391C027F4C24800E5237F = {
						CreatedOnToolsVersion = 13.3;
					};
				};
			};
			buildConfigurationList = F7A391BC27F4C24800E5237F /* Build configuration list for PBXProject "ionicFusion" */;
			compatibilityVersion = "Xcode 13.0";
			developmentRegion = en;
			hasScannedForEncodings = 0;
			knownRegions = (
				en,
				Base,
			);
			mainGroup = F7A391B827F4C24800E5237F;
			productRefGroup = F7A391C227F4C24800E5237F /* Products */;
			projectDirPath = "";
			projectRoot = "";
			targets = (
				F7A391C027F4C24800E5237F /* ionicFusion */,
			);
		};
/* End PBXProject section */

/* Begin PBXResourcesBuildPhase section */
		F7A391BF27F4C24800E5237F /* Resources */ = {
			isa = PBXResourcesBuildPhase;
			buildActionMask = 2147483647;
			files = (
				F7D847F32A245E0000E1E273 /* flyingpaperbirdchasinglove.json in Resources */,
				F7A391CC27F4C24900E5237F /* Preview Assets.xcassets in Resources */,
				F7A3145627F4CFE100F9F550 /* error3.json in Resources */,
				F7A3143727F4CFE100F9F550 /* girlwaving.json in Resources */,
				F7A3145A27F4CFE100F9F550 /* girlonphone.json in Resources */,
				F7D847ED2A2449B400E1E273 /* paperplaneloading.json in Resources */,
				F7A3143927F4CFE100F9F550 /* birth.json in Resources */,
				F7A3144027F4CFE100F9F550 /* loading.json in Resources */,
				F7A3144227F4CFE100F9F550 /* girlpic1.json in Resources */,
				F7A3144D27F4CFE100F9F550 /* card.json in Resources */,
				F7569D5B2A11E66B00FE3E84 /* girllikingstuff.json in Resources */,
				F7A3144E27F4CFE100F9F550 /* editcard.json in Resources */,
				F7A3145527F4CFE100F9F550 /* setComplete.json in Resources */,
				F7A3143C27F4CFE100F9F550 /* ergirl.json in Resources */,
				F7A3145027F4CFE100F9F550 /* sign.json in Resources */,
				F7A3144827F4CFE100F9F550 /* womandepressed.json in Resources */,
				F7A3143F27F4CFE100F9F550 /* girlpic1dark.json in Resources */,
				F7A3143827F4CFE100F9F550 /* girlholdingphoneoninsta.json in Resources */,
				F7A3137B27F4CDD100F9F550 /* Launch Screen.storyboard in Resources */,
				F7A3144C27F4CFE100F9F550 /* monito.json in Resources */,
				F7A3145127F4CFE100F9F550 /* notification.json in Resources */,
				F7A3144327F4CFE100F9F550 /* woman2.json in Resources */,
				F7A3146127F4CFE100F9F550 /* Davinci.ttf in Resources */,
				F7BDF1102A29C036008FDB4C /* study.json in Resources */,
				F7A3145227F4CFE100F9F550 /* woman1.json in Resources */,
				F7A3144A27F4CFE100F9F550 /* girlsitting.json in Resources */,
				F73F32382A156D340038A6D3 /* redpoof.json in Resources */,
				F79594592A246B5B00636776 /* sadheart.json in Resources */,
				F7BDF1182A2AA5FF008FDB4C /* telescope.json in Resources */,
				F7BDF1142A2AA286008FDB4C /* likethumb.json in Resources */,
				F73F32362A1522880038A6D3 /* nomorecards.json in Resources */,
				F7A3146427F4CFE100F9F550 /* Minimalistic Light.otf in Resources */,
				F7A3145427F4CFE100F9F550 /* error2.json in Resources */,
				F7A3145F27F4CFE100F9F550 /* Aloka.otf in Resources */,
				F7A3143A27F4CFE100F9F550 /* error.json in Resources */,
				F7A3145827F4CFE100F9F550 /* girlcheckingonly.json in Resources */,
				F7D847F12A245C9600E1E273 /* dislikebrokeheart.json in Resources */,
				F7A3146227F4CFE100F9F550 /* Houdient.ttf in Resources */,
				F7A3146327F4CFE100F9F550 /* Mignitte.ttf in Resources */,
				F7A3144B27F4CFE100F9F550 /* girlpic2dark.json in Resources */,
				F7A3144127F4CFE100F9F550 /* success.json in Resources */,
				F7A3145D27F4CFE100F9F550 /* sanfrancisco.ttf in Resources */,
				F7A3145C27F4CFE100F9F550 /* MrDafoe-Regular.ttf in Resources */,
				F7A3143027F4CFE100F9F550 /* Assets.xcassets in Resources */,
				F71652EE2A8FFD730063E029 /* heartbeat.json in Resources */,
				F7A3143E27F4CFE100F9F550 /* confetti.json in Resources */,
				F7A3144627F4CFE100F9F550 /* earth.json in Resources */,
				F7A3145B27F4CFE100F9F550 /* stars.json in Resources */,
				F7BDF11A2A2AA797008FDB4C /* eyesrainbow.json in Resources */,
				F7A3143D27F4CFE100F9F550 /* lock.json in Resources */,
				F7A3144F27F4CFE100F9F550 /* writing.json in Resources */,
				F7A3144527F4CFE100F9F550 /* logged.json in Resources */,
				F7A3145E27F4CFE100F9F550 /* minimal.ttf in Resources */,
				F7A3145927F4CFE100F9F550 /* workout.json in Resources */,
				F7569D5D2A11E6A200FE3E84 /* loveflying.json in Resources */,
				F7A3144727F4CFE100F9F550 /* girlcheckinginfo.json in Resources */,
				F7A3117E27F4CB0500F9F550 /* GoogleService-Info.plist in Resources */,
				F7A3145727F4CFE100F9F550 /* mother.json in Resources */,
				F7A3143B27F4CFE100F9F550 /* error1.json in Resources */,
				F7A3143627F4CFE100F9F550 /* woman3.json in Resources */,
				F7A3146027F4CFE100F9F550 /* Carlotte.ttf in Resources */,
				F7A3145327F4CFE100F9F550 /* girlpic2.json in Resources */,
				F7A3144927F4CFE100F9F550 /* doctor.json in Resources */,
				F71652EC2A8FF8B20063E029 /* heartbroken.json in Resources */,
				F755D7C52A2D378800319D57 /* workbuildings.json in Resources */,
				F7A3144427F4CFE100F9F550 /* birds.json in Resources */,
			);
			runOnlyForDeploymentPostprocessing = 0;
		};
/* End PBXResourcesBuildPhase section */

/* Begin PBXShellScriptBuildPhase section */
		516ED9BF3BFF2D7FA9F5D4B6 /* [CP] Embed Pods Frameworks */ = {
			isa = PBXShellScriptBuildPhase;
			buildActionMask = 2147483647;
			files = (
			);
			inputFileListPaths = (
				"${PODS_ROOT}/Target Support Files/Pods-ionicFusion/Pods-ionicFusion-frameworks-${CONFIGURATION}-input-files.xcfilelist",
			);
			name = "[CP] Embed Pods Frameworks";
			outputFileListPaths = (
				"${PODS_ROOT}/Target Support Files/Pods-ionicFusion/Pods-ionicFusion-frameworks-${CONFIGURATION}-output-files.xcfilelist",
			);
			runOnlyForDeploymentPostprocessing = 0;
			shellPath = /bin/sh;
			shellScript = "\"${PODS_ROOT}/Target Support Files/Pods-ionicFusion/Pods-ionicFusion-frameworks.sh\"\n";
			showEnvVarsInLog = 0;
		};
		5426AAB5548D2A3F15ABB328 /* [CP] Check Pods Manifest.lock */ = {
			isa = PBXShellScriptBuildPhase;
			buildActionMask = 2147483647;
			files = (
			);
			inputFileListPaths = (
			);
			inputPaths = (
				"${PODS_PODFILE_DIR_PATH}/Podfile.lock",
				"${PODS_ROOT}/Manifest.lock",
			);
			name = "[CP] Check Pods Manifest.lock";
			outputFileListPaths = (
			);
			outputPaths = (
				"$(DERIVED_FILE_DIR)/Pods-ionicFusion-checkManifestLockResult.txt",
			);
			runOnlyForDeploymentPostprocessing = 0;
			shellPath = /bin/sh;
			shellScript = "diff \"${PODS_PODFILE_DIR_PATH}/Podfile.lock\" \"${PODS_ROOT}/Manifest.lock\" > /dev/null\nif [ $? != 0 ] ; then\n    # print error to STDERR\n    echo \"error: The sandbox is not in sync with the Podfile.lock. Run 'pod install' or update your CocoaPods installation.\" >&2\n    exit 1\nfi\n# This output is used by Xcode 'outputs' to avoid re-running this script phase.\necho \"SUCCESS\" > \"${SCRIPT_OUTPUT_FILE_0}\"\n";
			showEnvVarsInLog = 0;
		};
/* End PBXShellScriptBuildPhase section */

/* Begin PBXSourcesBuildPhase section */
		F7A391BD27F4C24800E5237F /* Sources */ = {
			isa = PBXSourcesBuildPhase;
			buildActionMask = 2147483647;
			files = (
				F7A3143327F4CFE100F9F550 /* NavigationExten.swift in Sources */,
				F7A3143427F4CFE100F9F550 /* Animations.swift in Sources */,
				F71652FC2A92DC320063E029 /* ChatTester.swift in Sources */,
				F70636342A1D6A92007A9FEF /* SmallMatchActive.swift in Sources */,
				F7BDF1122A29C175008FDB4C /* LikesPillView.swift in Sources */,
				F7A3142727F4CFE100F9F550 /* Modifiers.swift in Sources */,
				F73F32342A138C800038A6D3 /* DragsCard.swift in Sources */,
				F7D847E62A22BE6400E1E273 /* messageprev.swift in Sources */,
				F7BDF1072A287575008FDB4C /* AboutMePicker.swift in Sources */,
				F70636302A1D5742007A9FEF /* ShuffleMatchesView.swift in Sources */,
				F7A3142927F4CFE100F9F550 /* TextModifiers.swift in Sources */,
				F7A3147527F4CFE100F9F550 /* ImagePicker.swift in Sources */,
				F7A3137527F4CDD100F9F550 /* NavigationBar.swift in Sources */,
				F79594652A269E3400636776 /* ViewProfileView.swift in Sources */,
				F79594712A27EE7900636776 /* NameChangePicker.swift in Sources */,
				F7BDF10C2A29B12E008FDB4C /* WorkView.swift in Sources */,
				F7A3147627F4CFE100F9F550 /* BackgroundView.swift in Sources */,
				F7A3147D27F4CFE100F9F550 /* ShimmerText.swift in Sources */,
				F795945B2A24791600636776 /* NeoModifier.swift in Sources */,
				F7BDF10A2A29AECC008FDB4C /* AboutMeView.swift in Sources */,
				F7A3142A27F4CFE100F9F550 /* CustomFieldModifier.swift in Sources */,
				F7A3146727F4CFE100F9F550 /* TrackCircle.swift in Sources */,
				F7A313A227F4CDEA00F9F550 /* MessagesModel.swift in Sources */,
				F7A3138427F4CDD100F9F550 /* SectionView.swift in Sources */,
				F7A3135827F4CDB400F9F550 /* ViewController.swift in Sources */,
				F7A4AC282A212FE5007E4690 /* Sender.swift in Sources */,
				F71652F22A918E040063E029 /* MessageDetailView.swift in Sources */,
				F7A3147B27F4CFE100F9F550 /* Notification.swift in Sources */,
				F7A3143127F4CFE100F9F550 /* ColorExtension.swift in Sources */,
				F7A3138227F4CDD100F9F550 /* SettingsView.swift in Sources */,
				F7A3143527F4CFE100F9F550 /* LottieView.swift in Sources */,
				F7A3146527F4CFE100F9F550 /* FontModifier.swift in Sources */,
				F79594612A25E91700636776 /* CompatibleCard.swift in Sources */,
				F7A3142D27F4CFE100F9F550 /* PlayButton.swift in Sources */,
				F7A3139D27F4CDEA00F9F550 /* PreferenceKey.swift in Sources */,
				F7A3137627F4CDD100F9F550 /* HomeView.swift in Sources */,
				F795946B2A27CF9800636776 /* TestView.swift in Sources */,
				F71652F02A918D3E0063E029 /* MessageCard.swift in Sources */,
				F706363D2A1E76AF007A9FEF /* LikesPill.swift in Sources */,
				F7569D532A104A8D00FE3E84 /* ProfileCard.swift in Sources */,
				F7569D612A11F36700FE3E84 /* StandoutCard.swift in Sources */,
				F7569D572A11DE9900FE3E84 /* LikesView.swift in Sources */,
				F7A3142427F4CFE100F9F550 /* AnimatedBlobView.swift in Sources */,
				F79594692A27987900636776 /* WallpaperVM.swift in Sources */,
				F7A3142B27F4CFE100F9F550 /* AnimatableFontModifier.swift in Sources */,
				F7A3139C27F4CDEA00F9F550 /* Update.swift in Sources */,
				F7A3142F27F4CFE100F9F550 /* AngularButton.swift in Sources */,
				F7A3142127F4CFE100F9F550 /* Wave.swift in Sources */,
				F79594632A268D8700636776 /* ActiveCard.swift in Sources */,
				F7A3148027F4CFE100F9F550 /* imageview.swift in Sources */,
				F71652FA2A92988B0063E029 /* Chats.swift in Sources */,
				F7A3142527F4CFE100F9F550 /* CircularView.swift in Sources */,
				F7A313A127F4CDEA00F9F550 /* Handbook.swift in Sources */,
				F755D7C92A2DACBC00319D57 /* Email&PasswordView.swift in Sources */,
				F7A3143227F4CFE100F9F550 /* ExtensionPlaceholder.swift in Sources */,
				F795945D2A252EF200636776 /* TextWriterAppear.swift in Sources */,
				F7A3142827F4CFE100F9F550 /* OffWhiteButtonModifier.swift in Sources */,
				F7A3137F27F4CDD100F9F550 /* MainTab.swift in Sources */,
				F7569D552A10641A00FE3E84 /* FullProfileView.swift in Sources */,
				F7A3142C27F4CFE100F9F550 /* CloseButton.swift in Sources */,
				F7A3139F27F4CDEA00F9F550 /* NotificationModel.swift in Sources */,
				F7A3142627F4CFE100F9F550 /* NeumorphicModifier.swift in Sources */,
				F7A3142227F4CFE100F9F550 /* HexagonView.swift in Sources */,
				F755D7CB2A2DD54900319D57 /* EnterNameView.swift in Sources */,
				F7569D5F2A11EAB200FE3E84 /* StandoutsView.swift in Sources */,
				F7BDF1162A2AA3EA008FDB4C /* LookingForView.swift in Sources */,
				F79594672A27907800636776 /* ProfileEditView.swift in Sources */,
				F7A313AD27F4CDF700F9F550 /* UserViewModel.swift in Sources */,
				F7A3142E27F4CFE100F9F550 /* BackButton.swift in Sources */,
				F7A3147927F4CFE100F9F550 /* Avatar.swift in Sources */,
				F7A3147F27F4CFE100F9F550 /* SettingsMenuItems.swift in Sources */,
				F7A3138027F4CDD100F9F550 /* ViewModel.swift in Sources */,
				F755D7C72A2DAB1100319D57 /* SignUpMessageView.swift in Sources */,
				F7A313AE27F4CDF700F9F550 /* MessagesViewModel.swift in Sources */,
				F795946D2A27D95500636776 /* UniversityPicker.swift in Sources */,
				F795946F2A27DE9700636776 /* WorkPicker.swift in Sources */,
				F7A3137827F4CDD100F9F550 /* SigninView.swift in Sources */,
				F7A391C527F4C24800E5237F /* ionicFusionApp.swift in Sources */,
				F7A3148327F4CFE100F9F550 /* SmallClocks.swift in Sources */,
				F7A3146D27F4CFE100F9F550 /* CircleLabel.swift in Sources */,
				F70636322A1D6398007A9FEF /* MatchCard.swift in Sources */,
				F706363B2A1E6F6E007A9FEF /* DistanceView.swift in Sources */,
				F7BDF10E2A29BC36008FDB4C /* UniversityView.swift in Sources */,
				F755D7CD2A2DD59400319D57 /* EnterAgeView.swift in Sources */,
				F7A3139B27F4CDEA00F9F550 /* TopicModel.swift in Sources */,
				F7A3141F27F4CFE100F9F550 /* SuccessView.swift in Sources */,
				F7D847EF2A244D4300E1E273 /* AppUserData.swift in Sources */,
				F7A3146627F4CFE100F9F550 /* SectionRow.swift in Sources */,
				F7A3139E27F4CDEA00F9F550 /* CourseSection.swift in Sources */,
				F70636362A1D8960007A9FEF /* GetImage.swift in Sources */,
				F7A3137E27F4CDD100F9F550 /* OnboardingView.swift in Sources */,
				F7D847E92A24153B00E1E273 /* SendMatch.swift in Sources */,
				F7A4AC262A20ABC6007E4690 /* ChatsView.swift in Sources */,
				F71652F62A919BA50063E029 /* MessageBubblesView.swift in Sources */,
				F7A313A527F4CDEA00F9F550 /* UserModel.swift in Sources */,
				F7569D652A11FDE600FE3E84 /* MatchData.swift in Sources */,
			);
			runOnlyForDeploymentPostprocessing = 0;
		};
/* End PBXSourcesBuildPhase section */

/* Begin XCBuildConfiguration section */
		F7A391CD27F4C24900E5237F /* Debug */ = {
			isa = XCBuildConfiguration;
			buildSettings = {
				ALWAYS_SEARCH_USER_PATHS = NO;
				CLANG_ANALYZER_NONNULL = YES;
				CLANG_ANALYZER_NUMBER_OBJECT_CONVERSION = YES_AGGRESSIVE;
				CLANG_CXX_LANGUAGE_STANDARD = "gnu++17";
				CLANG_ENABLE_MODULES = YES;
				CLANG_ENABLE_OBJC_ARC = YES;
				CLANG_ENABLE_OBJC_WEAK = YES;
				CLANG_WARN_BLOCK_CAPTURE_AUTORELEASING = YES;
				CLANG_WARN_BOOL_CONVERSION = YES;
				CLANG_WARN_COMMA = YES;
				CLANG_WARN_CONSTANT_CONVERSION = YES;
				CLANG_WARN_DEPRECATED_OBJC_IMPLEMENTATIONS = YES;
				CLANG_WARN_DIRECT_OBJC_ISA_USAGE = YES_ERROR;
				CLANG_WARN_DOCUMENTATION_COMMENTS = YES;
				CLANG_WARN_EMPTY_BODY = YES;
				CLANG_WARN_ENUM_CONVERSION = YES;
				CLANG_WARN_INFINITE_RECURSION = YES;
				CLANG_WARN_INT_CONVERSION = YES;
				CLANG_WARN_NON_LITERAL_NULL_CONVERSION = YES;
				CLANG_WARN_OBJC_IMPLICIT_RETAIN_SELF = YES;
				CLANG_WARN_OBJC_LITERAL_CONVERSION = YES;
				CLANG_WARN_OBJC_ROOT_CLASS = YES_ERROR;
				CLANG_WARN_QUOTED_INCLUDE_IN_FRAMEWORK_HEADER = YES;
				CLANG_WARN_RANGE_LOOP_ANALYSIS = YES;
				CLANG_WARN_STRICT_PROTOTYPES = YES;
				CLANG_WARN_SUSPICIOUS_MOVE = YES;
				CLANG_WARN_UNGUARDED_AVAILABILITY = YES_AGGRESSIVE;
				CLANG_WARN_UNREACHABLE_CODE = YES;
				CLANG_WARN__DUPLICATE_METHOD_MATCH = YES;
				COPY_PHASE_STRIP = NO;
				DEBUG_INFORMATION_FORMAT = dwarf;
				ENABLE_STRICT_OBJC_MSGSEND = YES;
				ENABLE_TESTABILITY = YES;
				GCC_C_LANGUAGE_STANDARD = gnu11;
				GCC_DYNAMIC_NO_PIC = NO;
				GCC_NO_COMMON_BLOCKS = YES;
				GCC_OPTIMIZATION_LEVEL = 0;
				GCC_PREPROCESSOR_DEFINITIONS = (
					"DEBUG=1",
					"$(inherited)",
				);
				GCC_WARN_64_TO_32_BIT_CONVERSION = YES;
				GCC_WARN_ABOUT_RETURN_TYPE = YES_ERROR;
				GCC_WARN_UNDECLARED_SELECTOR = YES;
				GCC_WARN_UNINITIALIZED_AUTOS = YES_AGGRESSIVE;
				GCC_WARN_UNUSED_FUNCTION = YES;
				GCC_WARN_UNUSED_VARIABLE = YES;
				IPHONEOS_DEPLOYMENT_TARGET = 16.0;
				MTL_ENABLE_DEBUG_INFO = INCLUDE_SOURCE;
				MTL_FAST_MATH = YES;
				ONLY_ACTIVE_ARCH = YES;
				SDKROOT = iphoneos;
				SWIFT_ACTIVE_COMPILATION_CONDITIONS = DEBUG;
				SWIFT_OPTIMIZATION_LEVEL = "-Onone";
			};
			name = Debug;
		};
		F7A391CE27F4C24900E5237F /* Release */ = {
			isa = XCBuildConfiguration;
			buildSettings = {
				ALWAYS_SEARCH_USER_PATHS = NO;
				CLANG_ANALYZER_NONNULL = YES;
				CLANG_ANALYZER_NUMBER_OBJECT_CONVERSION = YES_AGGRESSIVE;
				CLANG_CXX_LANGUAGE_STANDARD = "gnu++17";
				CLANG_ENABLE_MODULES = YES;
				CLANG_ENABLE_OBJC_ARC = YES;
				CLANG_ENABLE_OBJC_WEAK = YES;
				CLANG_WARN_BLOCK_CAPTURE_AUTORELEASING = YES;
				CLANG_WARN_BOOL_CONVERSION = YES;
				CLANG_WARN_COMMA = YES;
				CLANG_WARN_CONSTANT_CONVERSION = YES;
				CLANG_WARN_DEPRECATED_OBJC_IMPLEMENTATIONS = YES;
				CLANG_WARN_DIRECT_OBJC_ISA_USAGE = YES_ERROR;
				CLANG_WARN_DOCUMENTATION_COMMENTS = YES;
				CLANG_WARN_EMPTY_BODY = YES;
				CLANG_WARN_ENUM_CONVERSION = YES;
				CLANG_WARN_INFINITE_RECURSION = YES;
				CLANG_WARN_INT_CONVERSION = YES;
				CLANG_WARN_NON_LITERAL_NULL_CONVERSION = YES;
				CLANG_WARN_OBJC_IMPLICIT_RETAIN_SELF = YES;
				CLANG_WARN_OBJC_LITERAL_CONVERSION = YES;
				CLANG_WARN_OBJC_ROOT_CLASS = YES_ERROR;
				CLANG_WARN_QUOTED_INCLUDE_IN_FRAMEWORK_HEADER = YES;
				CLANG_WARN_RANGE_LOOP_ANALYSIS = YES;
				CLANG_WARN_STRICT_PROTOTYPES = YES;
				CLANG_WARN_SUSPICIOUS_MOVE = YES;
				CLANG_WARN_UNGUARDED_AVAILABILITY = YES_AGGRESSIVE;
				CLANG_WARN_UNREACHABLE_CODE = YES;
				CLANG_WARN__DUPLICATE_METHOD_MATCH = YES;
				COPY_PHASE_STRIP = NO;
				DEBUG_INFORMATION_FORMAT = "dwarf-with-dsym";
				ENABLE_NS_ASSERTIONS = NO;
				ENABLE_STRICT_OBJC_MSGSEND = YES;
				GCC_C_LANGUAGE_STANDARD = gnu11;
				GCC_NO_COMMON_BLOCKS = YES;
				GCC_WARN_64_TO_32_BIT_CONVERSION = YES;
				GCC_WARN_ABOUT_RETURN_TYPE = YES_ERROR;
				GCC_WARN_UNDECLARED_SELECTOR = YES;
				GCC_WARN_UNINITIALIZED_AUTOS = YES_AGGRESSIVE;
				GCC_WARN_UNUSED_FUNCTION = YES;
				GCC_WARN_UNUSED_VARIABLE = YES;
				IPHONEOS_DEPLOYMENT_TARGET = 16.0;
				MTL_ENABLE_DEBUG_INFO = NO;
				MTL_FAST_MATH = YES;
				SDKROOT = iphoneos;
				SWIFT_COMPILATION_MODE = wholemodule;
				SWIFT_OPTIMIZATION_LEVEL = "-O";
				VALIDATE_PRODUCT = YES;
			};
			name = Release;
		};
		F7A391D027F4C24900E5237F /* Debug */ = {
			isa = XCBuildConfiguration;
			baseConfigurationReference = 3810BA9C8BFADD1E82FD59A0 /* Pods-ionicFusion.debug.xcconfig */;
			buildSettings = {
				ASSETCATALOG_COMPILER_APPICON_NAME = AppIcon;
				ASSETCATALOG_COMPILER_GLOBAL_ACCENT_COLOR_NAME = AccentColor;
				CODE_SIGN_STYLE = Automatic;
				CURRENT_PROJECT_VERSION = 1;
				DEVELOPMENT_ASSET_PATHS = "\"ionicFusion/Preview Content\"";
				DEVELOPMENT_TEAM = 25W7NUNB49;
				ENABLE_PREVIEWS = YES;
				GENERATE_INFOPLIST_FILE = YES;
				INFOPLIST_FILE = ionicFusion/Info.plist;
				INFOPLIST_KEY_CFBundleDisplayName = Soulmate;
				INFOPLIST_KEY_LSApplicationCategoryType = "public.app-category.social-networking";
				INFOPLIST_KEY_UIApplicationSceneManifest_Generation = YES;
				INFOPLIST_KEY_UIApplicationSupportsIndirectInputEvents = YES;
				INFOPLIST_KEY_UILaunchScreen_Generation = YES;
				INFOPLIST_KEY_UILaunchStoryboardName = "Launch Screen";
				INFOPLIST_KEY_UISupportedInterfaceOrientations_iPad = "UIInterfaceOrientationPortrait UIInterfaceOrientationPortraitUpsideDown UIInterfaceOrientationLandscapeLeft UIInterfaceOrientationLandscapeRight";
				INFOPLIST_KEY_UISupportedInterfaceOrientations_iPhone = "UIInterfaceOrientationPortrait UIInterfaceOrientationLandscapeLeft UIInterfaceOrientationLandscapeRight";
				IPHONEOS_DEPLOYMENT_TARGET = 16.0;
				LD_RUNPATH_SEARCH_PATHS = (
					"$(inherited)",
					"@executable_path/Frameworks",
				);
				MARKETING_VERSION = 1.0;
				PRODUCT_BUNDLE_IDENTIFIER = io.Fusionxtest.iOSfusion;
				PRODUCT_NAME = "$(TARGET_NAME)";
				SUPPORTED_PLATFORMS = "iphoneos iphonesimulator";
				SUPPORTS_MACCATALYST = NO;
				SUPPORTS_MAC_DESIGNED_FOR_IPHONE_IPAD = NO;
				SWIFT_EMIT_LOC_STRINGS = YES;
				SWIFT_VERSION = 5.0;
				TARGETED_DEVICE_FAMILY = 1;
				TVOS_DEPLOYMENT_TARGET = 15.0;
			};
			name = Debug;
		};
		F7A391D127F4C24900E5237F /* Release */ = {
			isa = XCBuildConfiguration;
			baseConfigurationReference = AE85A53419AEF9DF87AD4BA4 /* Pods-ionicFusion.release.xcconfig */;
			buildSettings = {
				ASSETCATALOG_COMPILER_APPICON_NAME = AppIcon;
				ASSETCATALOG_COMPILER_GLOBAL_ACCENT_COLOR_NAME = AccentColor;
				CODE_SIGN_STYLE = Automatic;
				CURRENT_PROJECT_VERSION = 1;
				DEVELOPMENT_ASSET_PATHS = "\"ionicFusion/Preview Content\"";
				DEVELOPMENT_TEAM = 25W7NUNB49;
				ENABLE_PREVIEWS = YES;
				GENERATE_INFOPLIST_FILE = YES;
				INFOPLIST_FILE = ionicFusion/Info.plist;
				INFOPLIST_KEY_CFBundleDisplayName = Soulmate;
				INFOPLIST_KEY_LSApplicationCategoryType = "public.app-category.social-networking";
				INFOPLIST_KEY_UIApplicationSceneManifest_Generation = YES;
				INFOPLIST_KEY_UIApplicationSupportsIndirectInputEvents = YES;
				INFOPLIST_KEY_UILaunchScreen_Generation = YES;
				INFOPLIST_KEY_UILaunchStoryboardName = "Launch Screen";
				INFOPLIST_KEY_UISupportedInterfaceOrientations_iPad = "UIInterfaceOrientationPortrait UIInterfaceOrientationPortraitUpsideDown UIInterfaceOrientationLandscapeLeft UIInterfaceOrientationLandscapeRight";
				INFOPLIST_KEY_UISupportedInterfaceOrientations_iPhone = "UIInterfaceOrientationPortrait UIInterfaceOrientationLandscapeLeft UIInterfaceOrientationLandscapeRight";
				IPHONEOS_DEPLOYMENT_TARGET = 16.0;
				LD_RUNPATH_SEARCH_PATHS = (
					"$(inherited)",
					"@executable_path/Frameworks",
				);
				MARKETING_VERSION = 1.0;
				PRODUCT_BUNDLE_IDENTIFIER = io.Fusionxtest.iOSfusion;
				PRODUCT_NAME = "$(TARGET_NAME)";
				SUPPORTED_PLATFORMS = "iphoneos iphonesimulator";
				SUPPORTS_MACCATALYST = NO;
				SUPPORTS_MAC_DESIGNED_FOR_IPHONE_IPAD = NO;
				SWIFT_EMIT_LOC_STRINGS = YES;
				SWIFT_VERSION = 5.0;
				TARGETED_DEVICE_FAMILY = 1;
				TVOS_DEPLOYMENT_TARGET = 15.0;
			};
			name = Release;
		};
/* End XCBuildConfiguration section */

/* Begin XCConfigurationList section */
		F7A391BC27F4C24800E5237F /* Build configuration list for PBXProject "ionicFusion" */ = {
			isa = XCConfigurationList;
			buildConfigurations = (
				F7A391CD27F4C24900E5237F /* Debug */,
				F7A391CE27F4C24900E5237F /* Release */,
			);
			defaultConfigurationIsVisible = 0;
			defaultConfigurationName = Release;
		};
		F7A391CF27F4C24900E5237F /* Build configuration list for PBXNativeTarget "ionicFusion" */ = {
			isa = XCConfigurationList;
			buildConfigurations = (
				F7A391D027F4C24900E5237F /* Debug */,
				F7A391D127F4C24900E5237F /* Release */,
			);
			defaultConfigurationIsVisible = 0;
			defaultConfigurationName = Release;
		};
/* End XCConfigurationList section */
	};
	rootObject = F7A391B927F4C24800E5237F /* Project object */;
}
